// !$*UTF8*$!
{
	archiveVersion = 1;
	classes = {
	};
	objectVersion = 52;
	objects = {

/* Begin PBXBuildFile section */
		7B6348F1712760BB6EFD96D4 /* Pods_ticonMoa.framework in Frameworks */ = {isa = PBXBuildFile; fileRef = 877DF317B04331FB7E3B67F8 /* Pods_ticonMoa.framework */; };
		E0364FF22623E007006D243E /* ImagePreProccessor.swift in Sources */ = {isa = PBXBuildFile; fileRef = E0364FF12623E007006D243E /* ImagePreProccessor.swift */; };
		E0364FF52623EA97006D243E /* TextRecognitionWrapper.swift in Sources */ = {isa = PBXBuildFile; fileRef = E0364FF42623EA97006D243E /* TextRecognitionWrapper.swift */; };
		E0364FFE26247CC4006D243E /* ManualPhotoViewController.swift in Sources */ = {isa = PBXBuildFile; fileRef = E0364FFD26247CC4006D243E /* ManualPhotoViewController.swift */; };
		E053B6392604FC77005FAD51 /* AppDelegate.swift in Sources */ = {isa = PBXBuildFile; fileRef = E053B6382604FC77005FAD51 /* AppDelegate.swift */; };
		E053B63B2604FC77005FAD51 /* SceneDelegate.swift in Sources */ = {isa = PBXBuildFile; fileRef = E053B63A2604FC77005FAD51 /* SceneDelegate.swift */; };
		E053B63D2604FC77005FAD51 /* HomeViewController.swift in Sources */ = {isa = PBXBuildFile; fileRef = E053B63C2604FC77005FAD51 /* HomeViewController.swift */; };
		E053B6402604FC77005FAD51 /* Main.storyboard in Resources */ = {isa = PBXBuildFile; fileRef = E053B63E2604FC77005FAD51 /* Main.storyboard */; };
		E053B6422604FC79005FAD51 /* Assets.xcassets in Resources */ = {isa = PBXBuildFile; fileRef = E053B6412604FC79005FAD51 /* Assets.xcassets */; };
		E053B6452604FC79005FAD51 /* LaunchScreen.storyboard in Resources */ = {isa = PBXBuildFile; fileRef = E053B6432604FC79005FAD51 /* LaunchScreen.storyboard */; };
		E0AB99E626421B9600F11602 /* SwiftyTesseract in Frameworks */ = {isa = PBXBuildFile; productRef = E0AB99E526421B9600F11602 /* SwiftyTesseract */; };
		E0AB99EC26421E3400F11602 /* tessdata in Resources */ = {isa = PBXBuildFile; fileRef = E0AB99EB26421E3400F11602 /* tessdata */; };
		E0AB99F626427A6100F11602 /* MainViewController.swift in Sources */ = {isa = PBXBuildFile; fileRef = E0AB99F526427A6100F11602 /* MainViewController.swift */; };
		E0AB99FA26427B6000F11602 /* MainIconHeaderView.swift in Sources */ = {isa = PBXBuildFile; fileRef = E0AB99F926427B6000F11602 /* MainIconHeaderView.swift */; };
		E0AB99FE26427B6700F11602 /* MainIconHeaderView.xib in Resources */ = {isa = PBXBuildFile; fileRef = E0AB99FD26427B6700F11602 /* MainIconHeaderView.xib */; };
		E0AB9A0526429A4A00F11602 /* MainCollectionViewCell.swift in Sources */ = {isa = PBXBuildFile; fileRef = E0AB9A0326429A4A00F11602 /* MainCollectionViewCell.swift */; };
		E0AB9A0626429A4A00F11602 /* MainCollectionViewCell.xib in Resources */ = {isa = PBXBuildFile; fileRef = E0AB9A0426429A4A00F11602 /* MainCollectionViewCell.xib */; };
		E0AB9A132642A09F00F11602 /* MainCategoryHeaderView.swift in Sources */ = {isa = PBXBuildFile; fileRef = E0AB9A112642A09F00F11602 /* MainCategoryHeaderView.swift */; };
		E0AB9A142642A09F00F11602 /* MainCategoryHeaderView.xib in Resources */ = {isa = PBXBuildFile; fileRef = E0AB9A122642A09F00F11602 /* MainCategoryHeaderView.xib */; };
		E0AB9A182642CC2500F11602 /* Gifticon.swift in Sources */ = {isa = PBXBuildFile; fileRef = E0AB9A172642CC2500F11602 /* Gifticon.swift */; };
		E0AB9A1C2642CC2A00F11602 /* Category.swift in Sources */ = {isa = PBXBuildFile; fileRef = E0AB9A1B2642CC2A00F11602 /* Category.swift */; };
		E0AB9A212642CDE500F11602 /* ButtonAddView.swift in Sources */ = {isa = PBXBuildFile; fileRef = E0AB9A202642CDE500F11602 /* ButtonAddView.swift */; };
		E0AB9A272642CDEE00F11602 /* ButtonAddView.xib in Resources */ = {isa = PBXBuildFile; fileRef = E0AB9A262642CDEE00F11602 /* ButtonAddView.xib */; };
		E0AB9A3D264367B200F11602 /* PullUpView.swift in Sources */ = {isa = PBXBuildFile; fileRef = E0AB9A3C264367B200F11602 /* PullUpView.swift */; };
		E0AB9A41264367B700F11602 /* PullUpView.xib in Resources */ = {isa = PBXBuildFile; fileRef = E0AB9A40264367B700F11602 /* PullUpView.xib */; };
		E0AB9A4B2643707200F11602 /* PullUpViewController.swift in Sources */ = {isa = PBXBuildFile; fileRef = E0AB9A4A2643707200F11602 /* PullUpViewController.swift */; };
		E0AB9A4F2643B47100F11602 /* ChoiceView.swift in Sources */ = {isa = PBXBuildFile; fileRef = E0AB9A4E2643B47100F11602 /* ChoiceView.swift */; };
		E0AB9A532643B48F00F11602 /* ChoiceView.xib in Resources */ = {isa = PBXBuildFile; fileRef = E0AB9A522643B48F00F11602 /* ChoiceView.xib */; };
		E0AB9A6B2643D6D900F11602 /* MainVC + CollectionView.swift in Sources */ = {isa = PBXBuildFile; fileRef = E0AB9A6A2643D6D900F11602 /* MainVC + CollectionView.swift */; };
		E0AB9A712643D74100F11602 /* MainVC + PhotoPick.swift in Sources */ = {isa = PBXBuildFile; fileRef = E0AB9A702643D74100F11602 /* MainVC + PhotoPick.swift */; };
		E0AE480526131D5C00BEC498 /* MainTabBarController.swift in Sources */ = {isa = PBXBuildFile; fileRef = E0AE480426131D5C00BEC498 /* MainTabBarController.swift */; };
		E0AE480826131DF600BEC498 /* RoundTabBarView.swift in Sources */ = {isa = PBXBuildFile; fileRef = E0AE480726131DF600BEC498 /* RoundTabBarView.swift */; };
		E0AE480C2613222D00BEC498 /* Autolayout.swift in Sources */ = {isa = PBXBuildFile; fileRef = E0AE480B2613222D00BEC498 /* Autolayout.swift */; };
		E0AE4817261438AE00BEC498 /* SearchViewController.swift in Sources */ = {isa = PBXBuildFile; fileRef = E0AE4816261438AE00BEC498 /* SearchViewController.swift */; };
		E0AE481B261438BA00BEC498 /* ProfileViewController.swift in Sources */ = {isa = PBXBuildFile; fileRef = E0AE481A261438BA00BEC498 /* ProfileViewController.swift */; };
		E0AE481F26143C9000BEC498 /* UIStoryboard.swift in Sources */ = {isa = PBXBuildFile; fileRef = E0AE481E26143C9000BEC498 /* UIStoryboard.swift */; };
		E0AE4826261442D400BEC498 /* HorizontalScrollView.swift in Sources */ = {isa = PBXBuildFile; fileRef = E0AE4825261442D400BEC498 /* HorizontalScrollView.swift */; };
		E0AE482A261442FC00BEC498 /* HorizontalScrollView.xib in Resources */ = {isa = PBXBuildFile; fileRef = E0AE4829261442FC00BEC498 /* HorizontalScrollView.xib */; };
		E0AE482E2614526600BEC498 /* CategoryCell.swift in Sources */ = {isa = PBXBuildFile; fileRef = E0AE482C2614526600BEC498 /* CategoryCell.swift */; };
		E0AE482F2614526600BEC498 /* CategoryCell.xib in Resources */ = {isa = PBXBuildFile; fileRef = E0AE482D2614526600BEC498 /* CategoryCell.xib */; };
		E0AE483326145A8200BEC498 /* String+widthHeight.swift in Sources */ = {isa = PBXBuildFile; fileRef = E0AE483226145A8200BEC498 /* String+widthHeight.swift */; };
		E0AE48372614659500BEC498 /* IconStackView.swift in Sources */ = {isa = PBXBuildFile; fileRef = E0AE48362614659500BEC498 /* IconStackView.swift */; };
		E0AE483A261465CA00BEC498 /* IconStackView.xib in Resources */ = {isa = PBXBuildFile; fileRef = E0AE4839261465CA00BEC498 /* IconStackView.xib */; };
		E0AE483D2615AFEA00BEC498 /* IconButton.swift in Sources */ = {isa = PBXBuildFile; fileRef = E0AE483C2615AFEA00BEC498 /* IconButton.swift */; };
		E0AE48412616875F00BEC498 /* MapViewController.swift in Sources */ = {isa = PBXBuildFile; fileRef = E0AE48402616875F00BEC498 /* MapViewController.swift */; };
		E0AE484726171CE100BEC498 /* SlideAnimator.swift in Sources */ = {isa = PBXBuildFile; fileRef = E0AE484626171CE100BEC498 /* SlideAnimator.swift */; };
		E0AE4854261BE6EB00BEC498 /* TransitioningDelegate.swift in Sources */ = {isa = PBXBuildFile; fileRef = E0AE4853261BE6EB00BEC498 /* TransitioningDelegate.swift */; };
		E0B653B4260C40DD007C402F /* HomeCollectionViewCell.swift in Sources */ = {isa = PBXBuildFile; fileRef = E0B653B2260C40DD007C402F /* HomeCollectionViewCell.swift */; };
		E0B653B5260C40DD007C402F /* HomeCollectionViewCell.xib in Resources */ = {isa = PBXBuildFile; fileRef = E0B653B3260C40DD007C402F /* HomeCollectionViewCell.xib */; };
		E0B653B8260C497B007C402F /* PhotoManager.swift in Sources */ = {isa = PBXBuildFile; fileRef = E0B653B7260C497B007C402F /* PhotoManager.swift */; };
		E0B653BB260C5833007C402F /* BarcodeRequestWrapper.swift in Sources */ = {isa = PBXBuildFile; fileRef = E0B653BA260C5833007C402F /* BarcodeRequestWrapper.swift */; };
		E0BBB1B326378ADE00DC4553 /* PhotoCluster.swift in Sources */ = {isa = PBXBuildFile; fileRef = E0BBB1B226378ADE00DC4553 /* PhotoCluster.swift */; };
		E0BBB1C02637C55E00DC4553 /* ticonMoaTests.swift in Sources */ = {isa = PBXBuildFile; fileRef = E0BBB1BF2637C55E00DC4553 /* ticonMoaTests.swift */; };
		E0BBB1D42637F50900DC4553 /* HomeViewModel.swift in Sources */ = {isa = PBXBuildFile; fileRef = E0BBB1D32637F50900DC4553 /* HomeViewModel.swift */; };
		E0BBB1DA263810DC00DC4553 /* HomeVC + TransitioningDelegate.swift in Sources */ = {isa = PBXBuildFile; fileRef = E0BBB1D9263810DC00DC4553 /* HomeVC + TransitioningDelegate.swift */; };
		E0BBB1E02638113D00DC4553 /* HomeVC + IconStackViewDelegate.swift in Sources */ = {isa = PBXBuildFile; fileRef = E0BBB1DF2638113D00DC4553 /* HomeVC + IconStackViewDelegate.swift */; };
		E0BBB1F326381F2400DC4553 /* HomeVC + ImagePicker.swift in Sources */ = {isa = PBXBuildFile; fileRef = E0BBB1F226381F2400DC4553 /* HomeVC + ImagePicker.swift */; };
		E0BBB2002638268400DC4553 /* ManualViewModel.swift in Sources */ = {isa = PBXBuildFile; fileRef = E0BBB1FF2638268400DC4553 /* ManualViewModel.swift */; };
		E0BBB2082638EB6A00DC4553 /* DateRecognizer.swift in Sources */ = {isa = PBXBuildFile; fileRef = E0BBB2072638EB6A00DC4553 /* DateRecognizer.swift */; };
		E0BBB20B2638ED6C00DC4553 /* DateRecognizer.swift in Sources */ = {isa = PBXBuildFile; fileRef = E0BBB2072638EB6A00DC4553 /* DateRecognizer.swift */; };
		E0BBB20F2638F70200DC4553 /* Date+toString.swift in Sources */ = {isa = PBXBuildFile; fileRef = E0BBB20E2638F70200DC4553 /* Date+toString.swift */; };
		E0BBB2122638F70600DC4553 /* Date+toString.swift in Sources */ = {isa = PBXBuildFile; fileRef = E0BBB20E2638F70200DC4553 /* Date+toString.swift */; };
		E0BBB2162638F72600DC4553 /* BrandRecognizer.swift in Sources */ = {isa = PBXBuildFile; fileRef = E0BBB2152638F72600DC4553 /* BrandRecognizer.swift */; };
		E0BDEB6826491E8100228762 /* OCRManager.swift in Sources */ = {isa = PBXBuildFile; fileRef = E0BDEB6726491E8100228762 /* OCRManager.swift */; };
		E0BDEB6E264939F700228762 /* TessearctEngine.swift in Sources */ = {isa = PBXBuildFile; fileRef = E0BDEB6D264939F700228762 /* TessearctEngine.swift */; };
		E0BDEB7C2649476F00228762 /* NameRecognizer.swift in Sources */ = {isa = PBXBuildFile; fileRef = E0BDEB7B2649476F00228762 /* NameRecognizer.swift */; };
		E0C3CF90263E5E1700483A91 /* SearchViewModel.swift in Sources */ = {isa = PBXBuildFile; fileRef = E0C3CF8F263E5E1700483A91 /* SearchViewModel.swift */; };
		E0C3CF95263E5F0600483A91 /* SearchCollectionViewCell.swift in Sources */ = {isa = PBXBuildFile; fileRef = E0C3CF93263E5F0600483A91 /* SearchCollectionViewCell.swift */; };
		E0C3CF96263E5F0600483A91 /* SearchCollectionViewCell.xib in Resources */ = {isa = PBXBuildFile; fileRef = E0C3CF94263E5F0600483A91 /* SearchCollectionViewCell.xib */; };
		E0C3CF9A263F955D00483A91 /* HomeVC + UI.swift in Sources */ = {isa = PBXBuildFile; fileRef = E0C3CF99263F955D00483A91 /* HomeVC + UI.swift */; };
		E0C3CF9F263FE24C00483A91 /* SearchHeaderReusableView.swift in Sources */ = {isa = PBXBuildFile; fileRef = E0C3CF9D263FE24C00483A91 /* SearchHeaderReusableView.swift */; };
		E0C3CFA0263FE24C00483A91 /* SearchHeaderReusableView.xib in Resources */ = {isa = PBXBuildFile; fileRef = E0C3CF9E263FE24C00483A91 /* SearchHeaderReusableView.xib */; };
		E0C3CFA5263FF79D00483A91 /* CouponDetailViewController.swift in Sources */ = {isa = PBXBuildFile; fileRef = E0C3CFA4263FF79D00483A91 /* CouponDetailViewController.swift */; };
/* End PBXBuildFile section */

/* Begin PBXContainerItemProxy section */
		E0BBB1C22637C55E00DC4553 /* PBXContainerItemProxy */ = {
			isa = PBXContainerItemProxy;
			containerPortal = E053B62D2604FC77005FAD51 /* Project object */;
			proxyType = 1;
			remoteGlobalIDString = E053B6342604FC77005FAD51;
			remoteInfo = ticonMoa;
		};
/* End PBXContainerItemProxy section */

/* Begin PBXFileReference section */
		3053155E20A9E51D8D61FD34 /* Pods-ticonMoa.debug.xcconfig */ = {isa = PBXFileReference; includeInIndex = 1; lastKnownFileType = text.xcconfig; name = "Pods-ticonMoa.debug.xcconfig"; path = "Target Support Files/Pods-ticonMoa/Pods-ticonMoa.debug.xcconfig"; sourceTree = "<group>"; };
		79A4CD5FE06E834BF95ED000 /* Pods-ticonMoa.release.xcconfig */ = {isa = PBXFileReference; includeInIndex = 1; lastKnownFileType = text.xcconfig; name = "Pods-ticonMoa.release.xcconfig"; path = "Target Support Files/Pods-ticonMoa/Pods-ticonMoa.release.xcconfig"; sourceTree = "<group>"; };
		877DF317B04331FB7E3B67F8 /* Pods_ticonMoa.framework */ = {isa = PBXFileReference; explicitFileType = wrapper.framework; includeInIndex = 0; path = Pods_ticonMoa.framework; sourceTree = BUILT_PRODUCTS_DIR; };
		E0364FF12623E007006D243E /* ImagePreProccessor.swift */ = {isa = PBXFileReference; lastKnownFileType = sourcecode.swift; path = ImagePreProccessor.swift; sourceTree = "<group>"; };
		E0364FF42623EA97006D243E /* TextRecognitionWrapper.swift */ = {isa = PBXFileReference; lastKnownFileType = sourcecode.swift; path = TextRecognitionWrapper.swift; sourceTree = "<group>"; };
		E0364FFD26247CC4006D243E /* ManualPhotoViewController.swift */ = {isa = PBXFileReference; lastKnownFileType = sourcecode.swift; path = ManualPhotoViewController.swift; sourceTree = "<group>"; };
		E053B6352604FC77005FAD51 /* ticonMoa.app */ = {isa = PBXFileReference; explicitFileType = wrapper.application; includeInIndex = 0; path = ticonMoa.app; sourceTree = BUILT_PRODUCTS_DIR; };
		E053B6382604FC77005FAD51 /* AppDelegate.swift */ = {isa = PBXFileReference; lastKnownFileType = sourcecode.swift; path = AppDelegate.swift; sourceTree = "<group>"; };
		E053B63A2604FC77005FAD51 /* SceneDelegate.swift */ = {isa = PBXFileReference; lastKnownFileType = sourcecode.swift; path = SceneDelegate.swift; sourceTree = "<group>"; };
		E053B63C2604FC77005FAD51 /* HomeViewController.swift */ = {isa = PBXFileReference; lastKnownFileType = sourcecode.swift; path = HomeViewController.swift; sourceTree = "<group>"; };
		E053B63F2604FC77005FAD51 /* Base */ = {isa = PBXFileReference; lastKnownFileType = file.storyboard; name = Base; path = Base.lproj/Main.storyboard; sourceTree = "<group>"; };
		E053B6412604FC79005FAD51 /* Assets.xcassets */ = {isa = PBXFileReference; lastKnownFileType = folder.assetcatalog; path = Assets.xcassets; sourceTree = "<group>"; };
		E053B6442604FC79005FAD51 /* Base */ = {isa = PBXFileReference; lastKnownFileType = file.storyboard; name = Base; path = Base.lproj/LaunchScreen.storyboard; sourceTree = "<group>"; };
		E053B6462604FC79005FAD51 /* Info.plist */ = {isa = PBXFileReference; lastKnownFileType = text.plist.xml; path = Info.plist; sourceTree = "<group>"; };
		E0AB99EB26421E3400F11602 /* tessdata */ = {isa = PBXFileReference; lastKnownFileType = folder; name = tessdata; path = ../../../../tessdata; sourceTree = "<group>"; };
		E0AB99F526427A6100F11602 /* MainViewController.swift */ = {isa = PBXFileReference; lastKnownFileType = sourcecode.swift; path = MainViewController.swift; sourceTree = "<group>"; };
		E0AB99F926427B6000F11602 /* MainIconHeaderView.swift */ = {isa = PBXFileReference; lastKnownFileType = sourcecode.swift; path = MainIconHeaderView.swift; sourceTree = "<group>"; };
		E0AB99FD26427B6700F11602 /* MainIconHeaderView.xib */ = {isa = PBXFileReference; lastKnownFileType = file.xib; path = MainIconHeaderView.xib; sourceTree = "<group>"; };
		E0AB9A0326429A4A00F11602 /* MainCollectionViewCell.swift */ = {isa = PBXFileReference; lastKnownFileType = sourcecode.swift; path = MainCollectionViewCell.swift; sourceTree = "<group>"; };
		E0AB9A0426429A4A00F11602 /* MainCollectionViewCell.xib */ = {isa = PBXFileReference; lastKnownFileType = file.xib; path = MainCollectionViewCell.xib; sourceTree = "<group>"; };
		E0AB9A112642A09F00F11602 /* MainCategoryHeaderView.swift */ = {isa = PBXFileReference; lastKnownFileType = sourcecode.swift; path = MainCategoryHeaderView.swift; sourceTree = "<group>"; };
		E0AB9A122642A09F00F11602 /* MainCategoryHeaderView.xib */ = {isa = PBXFileReference; lastKnownFileType = file.xib; path = MainCategoryHeaderView.xib; sourceTree = "<group>"; };
		E0AB9A172642CC2500F11602 /* Gifticon.swift */ = {isa = PBXFileReference; lastKnownFileType = sourcecode.swift; path = Gifticon.swift; sourceTree = "<group>"; };
		E0AB9A1B2642CC2A00F11602 /* Category.swift */ = {isa = PBXFileReference; lastKnownFileType = sourcecode.swift; path = Category.swift; sourceTree = "<group>"; };
		E0AB9A202642CDE500F11602 /* ButtonAddView.swift */ = {isa = PBXFileReference; lastKnownFileType = sourcecode.swift; path = ButtonAddView.swift; sourceTree = "<group>"; };
		E0AB9A262642CDEE00F11602 /* ButtonAddView.xib */ = {isa = PBXFileReference; lastKnownFileType = file.xib; path = ButtonAddView.xib; sourceTree = "<group>"; };
		E0AB9A3C264367B200F11602 /* PullUpView.swift */ = {isa = PBXFileReference; lastKnownFileType = sourcecode.swift; path = PullUpView.swift; sourceTree = "<group>"; };
		E0AB9A40264367B700F11602 /* PullUpView.xib */ = {isa = PBXFileReference; lastKnownFileType = file.xib; path = PullUpView.xib; sourceTree = "<group>"; };
		E0AB9A4A2643707200F11602 /* PullUpViewController.swift */ = {isa = PBXFileReference; lastKnownFileType = sourcecode.swift; path = PullUpViewController.swift; sourceTree = "<group>"; };
		E0AB9A4E2643B47100F11602 /* ChoiceView.swift */ = {isa = PBXFileReference; lastKnownFileType = sourcecode.swift; path = ChoiceView.swift; sourceTree = "<group>"; };
		E0AB9A522643B48F00F11602 /* ChoiceView.xib */ = {isa = PBXFileReference; lastKnownFileType = file.xib; path = ChoiceView.xib; sourceTree = "<group>"; };
		E0AB9A6A2643D6D900F11602 /* MainVC + CollectionView.swift */ = {isa = PBXFileReference; lastKnownFileType = sourcecode.swift; path = "MainVC + CollectionView.swift"; sourceTree = "<group>"; };
		E0AB9A702643D74100F11602 /* MainVC + PhotoPick.swift */ = {isa = PBXFileReference; lastKnownFileType = sourcecode.swift; path = "MainVC + PhotoPick.swift"; sourceTree = "<group>"; };
		E0AE480426131D5C00BEC498 /* MainTabBarController.swift */ = {isa = PBXFileReference; lastKnownFileType = sourcecode.swift; path = MainTabBarController.swift; sourceTree = "<group>"; };
		E0AE480726131DF600BEC498 /* RoundTabBarView.swift */ = {isa = PBXFileReference; lastKnownFileType = sourcecode.swift; path = RoundTabBarView.swift; sourceTree = "<group>"; };
		E0AE480B2613222D00BEC498 /* Autolayout.swift */ = {isa = PBXFileReference; lastKnownFileType = sourcecode.swift; path = Autolayout.swift; sourceTree = "<group>"; };
		E0AE4816261438AE00BEC498 /* SearchViewController.swift */ = {isa = PBXFileReference; lastKnownFileType = sourcecode.swift; path = SearchViewController.swift; sourceTree = "<group>"; };
		E0AE481A261438BA00BEC498 /* ProfileViewController.swift */ = {isa = PBXFileReference; lastKnownFileType = sourcecode.swift; path = ProfileViewController.swift; sourceTree = "<group>"; };
		E0AE481E26143C9000BEC498 /* UIStoryboard.swift */ = {isa = PBXFileReference; lastKnownFileType = sourcecode.swift; path = UIStoryboard.swift; sourceTree = "<group>"; };
		E0AE4825261442D400BEC498 /* HorizontalScrollView.swift */ = {isa = PBXFileReference; lastKnownFileType = sourcecode.swift; path = HorizontalScrollView.swift; sourceTree = "<group>"; };
		E0AE4829261442FC00BEC498 /* HorizontalScrollView.xib */ = {isa = PBXFileReference; lastKnownFileType = file.xib; path = HorizontalScrollView.xib; sourceTree = "<group>"; };
		E0AE482C2614526600BEC498 /* CategoryCell.swift */ = {isa = PBXFileReference; lastKnownFileType = sourcecode.swift; path = CategoryCell.swift; sourceTree = "<group>"; };
		E0AE482D2614526600BEC498 /* CategoryCell.xib */ = {isa = PBXFileReference; lastKnownFileType = file.xib; path = CategoryCell.xib; sourceTree = "<group>"; };
		E0AE483226145A8200BEC498 /* String+widthHeight.swift */ = {isa = PBXFileReference; lastKnownFileType = sourcecode.swift; path = "String+widthHeight.swift"; sourceTree = "<group>"; };
		E0AE48362614659500BEC498 /* IconStackView.swift */ = {isa = PBXFileReference; lastKnownFileType = sourcecode.swift; path = IconStackView.swift; sourceTree = "<group>"; };
		E0AE4839261465CA00BEC498 /* IconStackView.xib */ = {isa = PBXFileReference; lastKnownFileType = file.xib; path = IconStackView.xib; sourceTree = "<group>"; };
		E0AE483C2615AFEA00BEC498 /* IconButton.swift */ = {isa = PBXFileReference; lastKnownFileType = sourcecode.swift; path = IconButton.swift; sourceTree = "<group>"; };
		E0AE48402616875F00BEC498 /* MapViewController.swift */ = {isa = PBXFileReference; lastKnownFileType = sourcecode.swift; path = MapViewController.swift; sourceTree = "<group>"; };
		E0AE484626171CE100BEC498 /* SlideAnimator.swift */ = {isa = PBXFileReference; lastKnownFileType = sourcecode.swift; path = SlideAnimator.swift; sourceTree = "<group>"; };
		E0AE4853261BE6EB00BEC498 /* TransitioningDelegate.swift */ = {isa = PBXFileReference; lastKnownFileType = sourcecode.swift; path = TransitioningDelegate.swift; sourceTree = "<group>"; };
		E0B653B2260C40DD007C402F /* HomeCollectionViewCell.swift */ = {isa = PBXFileReference; lastKnownFileType = sourcecode.swift; path = HomeCollectionViewCell.swift; sourceTree = "<group>"; };
		E0B653B3260C40DD007C402F /* HomeCollectionViewCell.xib */ = {isa = PBXFileReference; lastKnownFileType = file.xib; path = HomeCollectionViewCell.xib; sourceTree = "<group>"; };
		E0B653B7260C497B007C402F /* PhotoManager.swift */ = {isa = PBXFileReference; lastKnownFileType = sourcecode.swift; path = PhotoManager.swift; sourceTree = "<group>"; };
		E0B653BA260C5833007C402F /* BarcodeRequestWrapper.swift */ = {isa = PBXFileReference; lastKnownFileType = sourcecode.swift; path = BarcodeRequestWrapper.swift; sourceTree = "<group>"; };
		E0BBB1B226378ADE00DC4553 /* PhotoCluster.swift */ = {isa = PBXFileReference; lastKnownFileType = sourcecode.swift; path = PhotoCluster.swift; sourceTree = "<group>"; };
		E0BBB1BD2637C55E00DC4553 /* ticonMoaTests.xctest */ = {isa = PBXFileReference; explicitFileType = wrapper.cfbundle; includeInIndex = 0; path = ticonMoaTests.xctest; sourceTree = BUILT_PRODUCTS_DIR; };
		E0BBB1BF2637C55E00DC4553 /* ticonMoaTests.swift */ = {isa = PBXFileReference; lastKnownFileType = sourcecode.swift; path = ticonMoaTests.swift; sourceTree = "<group>"; };
		E0BBB1C12637C55E00DC4553 /* Info.plist */ = {isa = PBXFileReference; lastKnownFileType = text.plist.xml; path = Info.plist; sourceTree = "<group>"; };
		E0BBB1D32637F50900DC4553 /* HomeViewModel.swift */ = {isa = PBXFileReference; lastKnownFileType = sourcecode.swift; path = HomeViewModel.swift; sourceTree = "<group>"; };
		E0BBB1D9263810DC00DC4553 /* HomeVC + TransitioningDelegate.swift */ = {isa = PBXFileReference; lastKnownFileType = sourcecode.swift; path = "HomeVC + TransitioningDelegate.swift"; sourceTree = "<group>"; };
		E0BBB1DF2638113D00DC4553 /* HomeVC + IconStackViewDelegate.swift */ = {isa = PBXFileReference; lastKnownFileType = sourcecode.swift; path = "HomeVC + IconStackViewDelegate.swift"; sourceTree = "<group>"; };
		E0BBB1F226381F2400DC4553 /* HomeVC + ImagePicker.swift */ = {isa = PBXFileReference; lastKnownFileType = sourcecode.swift; path = "HomeVC + ImagePicker.swift"; sourceTree = "<group>"; };
		E0BBB1FF2638268400DC4553 /* ManualViewModel.swift */ = {isa = PBXFileReference; lastKnownFileType = sourcecode.swift; path = ManualViewModel.swift; sourceTree = "<group>"; };
		E0BBB2072638EB6A00DC4553 /* DateRecognizer.swift */ = {isa = PBXFileReference; lastKnownFileType = sourcecode.swift; path = DateRecognizer.swift; sourceTree = "<group>"; };
		E0BBB20E2638F70200DC4553 /* Date+toString.swift */ = {isa = PBXFileReference; lastKnownFileType = sourcecode.swift; path = "Date+toString.swift"; sourceTree = "<group>"; };
		E0BBB2152638F72600DC4553 /* BrandRecognizer.swift */ = {isa = PBXFileReference; lastKnownFileType = sourcecode.swift; path = BrandRecognizer.swift; sourceTree = "<group>"; };
		E0BDEB6726491E8100228762 /* OCRManager.swift */ = {isa = PBXFileReference; lastKnownFileType = sourcecode.swift; path = OCRManager.swift; sourceTree = "<group>"; };
		E0BDEB6D264939F700228762 /* TessearctEngine.swift */ = {isa = PBXFileReference; lastKnownFileType = sourcecode.swift; path = TessearctEngine.swift; sourceTree = "<group>"; };
		E0BDEB7B2649476F00228762 /* NameRecognizer.swift */ = {isa = PBXFileReference; lastKnownFileType = sourcecode.swift; path = NameRecognizer.swift; sourceTree = "<group>"; };
		E0C3CF8F263E5E1700483A91 /* SearchViewModel.swift */ = {isa = PBXFileReference; lastKnownFileType = sourcecode.swift; path = SearchViewModel.swift; sourceTree = "<group>"; };
		E0C3CF93263E5F0600483A91 /* SearchCollectionViewCell.swift */ = {isa = PBXFileReference; lastKnownFileType = sourcecode.swift; path = SearchCollectionViewCell.swift; sourceTree = "<group>"; };
		E0C3CF94263E5F0600483A91 /* SearchCollectionViewCell.xib */ = {isa = PBXFileReference; lastKnownFileType = file.xib; path = SearchCollectionViewCell.xib; sourceTree = "<group>"; };
		E0C3CF99263F955D00483A91 /* HomeVC + UI.swift */ = {isa = PBXFileReference; lastKnownFileType = sourcecode.swift; path = "HomeVC + UI.swift"; sourceTree = "<group>"; };
		E0C3CF9D263FE24C00483A91 /* SearchHeaderReusableView.swift */ = {isa = PBXFileReference; lastKnownFileType = sourcecode.swift; path = SearchHeaderReusableView.swift; sourceTree = "<group>"; };
		E0C3CF9E263FE24C00483A91 /* SearchHeaderReusableView.xib */ = {isa = PBXFileReference; lastKnownFileType = file.xib; path = SearchHeaderReusableView.xib; sourceTree = "<group>"; };
		E0C3CFA4263FF79D00483A91 /* CouponDetailViewController.swift */ = {isa = PBXFileReference; lastKnownFileType = sourcecode.swift; path = CouponDetailViewController.swift; sourceTree = "<group>"; };
/* End PBXFileReference section */

/* Begin PBXFrameworksBuildPhase section */
		E053B6322604FC77005FAD51 /* Frameworks */ = {
			isa = PBXFrameworksBuildPhase;
			buildActionMask = 2147483647;
			files = (
				7B6348F1712760BB6EFD96D4 /* Pods_ticonMoa.framework in Frameworks */,
				E0AB99E626421B9600F11602 /* SwiftyTesseract in Frameworks */,
			);
			runOnlyForDeploymentPostprocessing = 0;
		};
		E0BBB1BA2637C55E00DC4553 /* Frameworks */ = {
			isa = PBXFrameworksBuildPhase;
			buildActionMask = 2147483647;
			files = (
			);
			runOnlyForDeploymentPostprocessing = 0;
		};
/* End PBXFrameworksBuildPhase section */

/* Begin PBXGroup section */
		E02027D82628609E00AD7230 /* HomeScene (deprecated) */ = {
			isa = PBXGroup;
			children = (
				E0BBB1E32638175700DC4553 /* Controller */,
				E0BBB1E42638176200DC4553 /* ViewModel */,
				E0BBB1E62638178C00DC4553 /* View */,
				E0BBB1E52638176800DC4553 /* Model */,
			);
			path = "HomeScene (deprecated)";
			sourceTree = "<group>";
		};
		E02027D92628622400AD7230 /* SearchScene */ = {
			isa = PBXGroup;
			children = (
				E0AE4816261438AE00BEC498 /* SearchViewController.swift */,
				E0C3CF93263E5F0600483A91 /* SearchCollectionViewCell.swift */,
				E0C3CF94263E5F0600483A91 /* SearchCollectionViewCell.xib */,
				E0C3CF8F263E5E1700483A91 /* SearchViewModel.swift */,
				E0C3CF9D263FE24C00483A91 /* SearchHeaderReusableView.swift */,
				E0C3CF9E263FE24C00483A91 /* SearchHeaderReusableView.xib */,
			);
			path = SearchScene;
			sourceTree = "<group>";
		};
		E02027DA2628623800AD7230 /* ProfileScene */ = {
			isa = PBXGroup;
			children = (
				E0AE481A261438BA00BEC498 /* ProfileViewController.swift */,
			);
			path = ProfileScene;
			sourceTree = "<group>";
		};
		E02027DB2628626900AD7230 /* MainTabBar */ = {
			isa = PBXGroup;
			children = (
				E0AE480426131D5C00BEC498 /* MainTabBarController.swift */,
				E0AE480726131DF600BEC498 /* RoundTabBarView.swift */,
			);
			path = MainTabBar;
			sourceTree = "<group>";
		};
		E02027DC2628628E00AD7230 /* ManualAddingScene */ = {
			isa = PBXGroup;
			children = (
				E0BBB1F82638255C00DC4553 /* Controller */,
				E0BBB1FE2638266800DC4553 /* ViewModel */,
				E0BBB1F92638256600DC4553 /* Model */,
			);
			path = ManualAddingScene;
			sourceTree = "<group>";
		};
		E02027DE2628639800AD7230 /* MapScene */ = {
			isa = PBXGroup;
			children = (
				E0AE48402616875F00BEC498 /* MapViewController.swift */,
			);
			path = MapScene;
			sourceTree = "<group>";
		};
		E053B62C2604FC77005FAD51 = {
			isa = PBXGroup;
			children = (
				E053B6372604FC77005FAD51 /* ticonMoa */,
				E0BBB1BE2637C55E00DC4553 /* ticonMoaTests */,
				E053B6362604FC77005FAD51 /* Products */,
				FFEBC3EBBEA75BCB46C73955 /* Pods */,
				EAA2D1BEF8CE5C294F1D0B9C /* Frameworks */,
			);
			sourceTree = "<group>";
		};
		E053B6362604FC77005FAD51 /* Products */ = {
			isa = PBXGroup;
			children = (
				E053B6352604FC77005FAD51 /* ticonMoa.app */,
				E0BBB1BD2637C55E00DC4553 /* ticonMoaTests.xctest */,
			);
			name = Products;
			sourceTree = "<group>";
		};
		E053B6372604FC77005FAD51 /* ticonMoa */ = {
			isa = PBXGroup;
			children = (
				E0AB99EB26421E3400F11602 /* tessdata */,
				E0BDEB6526491DFE00228762 /* Module */,
				E02027DB2628626900AD7230 /* MainTabBar */,
				E02027D82628609E00AD7230 /* HomeScene (deprecated) */,
				E0AB9A1F2642CDAD00F11602 /* MainScene */,
				E02027DC2628628E00AD7230 /* ManualAddingScene */,
				E0C3CFA3263FF78200483A91 /* CounponDetailScene */,
				E02027D92628622400AD7230 /* SearchScene */,
				E02027DA2628623800AD7230 /* ProfileScene */,
				E02027DE2628639800AD7230 /* MapScene */,
				E0AE4815261437C100BEC498 /* View */,
				E0AE480A2613222600BEC498 /* Extensions */,
				E0AE47FB2613078100BEC498 /* Cell */,
				E0AE47F926104F6D00BEC498 /* Model */,
				E053B6382604FC77005FAD51 /* AppDelegate.swift */,
				E053B63A2604FC77005FAD51 /* SceneDelegate.swift */,
				E053B63E2604FC77005FAD51 /* Main.storyboard */,
				E053B6412604FC79005FAD51 /* Assets.xcassets */,
				E053B6432604FC79005FAD51 /* LaunchScreen.storyboard */,
				E053B6462604FC79005FAD51 /* Info.plist */,
			);
			path = ticonMoa;
			sourceTree = "<group>";
		};
		E0AB9A1F2642CDAD00F11602 /* MainScene */ = {
			isa = PBXGroup;
			children = (
				E0AB9A5A2643D50700F11602 /* Controller */,
				E0AB9A5B2643D51500F11602 /* View */,
			);
			path = MainScene;
			sourceTree = "<group>";
		};
		E0AB9A5A2643D50700F11602 /* Controller */ = {
			isa = PBXGroup;
			children = (
				E0AB99F526427A6100F11602 /* MainViewController.swift */,
				E0AB9A6A2643D6D900F11602 /* MainVC + CollectionView.swift */,
				E0AB9A702643D74100F11602 /* MainVC + PhotoPick.swift */,
				E0AB9A4A2643707200F11602 /* PullUpViewController.swift */,
			);
			path = Controller;
			sourceTree = "<group>";
		};
		E0AB9A5B2643D51500F11602 /* View */ = {
			isa = PBXGroup;
			children = (
				E0AB9A4E2643B47100F11602 /* ChoiceView.swift */,
				E0AB9A522643B48F00F11602 /* ChoiceView.xib */,
				E0AB9A112642A09F00F11602 /* MainCategoryHeaderView.swift */,
				E0AB9A122642A09F00F11602 /* MainCategoryHeaderView.xib */,
				E0AB9A0426429A4A00F11602 /* MainCollectionViewCell.xib */,
				E0AB9A0326429A4A00F11602 /* MainCollectionViewCell.swift */,
				E0AB99F926427B6000F11602 /* MainIconHeaderView.swift */,
				E0AB99FD26427B6700F11602 /* MainIconHeaderView.xib */,
				E0AB9A202642CDE500F11602 /* ButtonAddView.swift */,
				E0AB9A262642CDEE00F11602 /* ButtonAddView.xib */,
				E0AB9A3C264367B200F11602 /* PullUpView.swift */,
				E0AB9A40264367B700F11602 /* PullUpView.xib */,
			);
			path = View;
			sourceTree = "<group>";
		};
		E0AE47F926104F6D00BEC498 /* Model */ = {
			isa = PBXGroup;
			children = (
				E0364FF12623E007006D243E /* ImagePreProccessor.swift */,
				E0AB9A172642CC2500F11602 /* Gifticon.swift */,
				E0AB9A1B2642CC2A00F11602 /* Category.swift */,
			);
			path = Model;
			sourceTree = "<group>";
		};
		E0AE47FB2613078100BEC498 /* Cell */ = {
			isa = PBXGroup;
			children = (
				E0AE482C2614526600BEC498 /* CategoryCell.swift */,
				E0AE482D2614526600BEC498 /* CategoryCell.xib */,
			);
			path = Cell;
			sourceTree = "<group>";
		};
		E0AE480A2613222600BEC498 /* Extensions */ = {
			isa = PBXGroup;
			children = (
				E0AE480B2613222D00BEC498 /* Autolayout.swift */,
				E0AE481E26143C9000BEC498 /* UIStoryboard.swift */,
				E0AE483226145A8200BEC498 /* String+widthHeight.swift */,
				E0BBB20E2638F70200DC4553 /* Date+toString.swift */,
			);
			path = Extensions;
			sourceTree = "<group>";
		};
		E0AE4815261437C100BEC498 /* View */ = {
			isa = PBXGroup;
			children = (
				E0AE4825261442D400BEC498 /* HorizontalScrollView.swift */,
				E0AE4829261442FC00BEC498 /* HorizontalScrollView.xib */,
				E0AE483C2615AFEA00BEC498 /* IconButton.swift */,
			);
			path = View;
			sourceTree = "<group>";
		};
		E0BBB1BE2637C55E00DC4553 /* ticonMoaTests */ = {
			isa = PBXGroup;
			children = (
				E0BBB1BF2637C55E00DC4553 /* ticonMoaTests.swift */,
				E0BBB1C12637C55E00DC4553 /* Info.plist */,
			);
			path = ticonMoaTests;
			sourceTree = "<group>";
		};
		E0BBB1E32638175700DC4553 /* Controller */ = {
			isa = PBXGroup;
			children = (
				E053B63C2604FC77005FAD51 /* HomeViewController.swift */,
				E0C3CF99263F955D00483A91 /* HomeVC + UI.swift */,
				E0BBB1F226381F2400DC4553 /* HomeVC + ImagePicker.swift */,
				E0BBB1D9263810DC00DC4553 /* HomeVC + TransitioningDelegate.swift */,
				E0BBB1DF2638113D00DC4553 /* HomeVC + IconStackViewDelegate.swift */,
				E0AE484626171CE100BEC498 /* SlideAnimator.swift */,
				E0AE4853261BE6EB00BEC498 /* TransitioningDelegate.swift */,
			);
			path = Controller;
			sourceTree = "<group>";
		};
		E0BBB1E42638176200DC4553 /* ViewModel */ = {
			isa = PBXGroup;
			children = (
				E0BBB1D32637F50900DC4553 /* HomeViewModel.swift */,
			);
			path = ViewModel;
			sourceTree = "<group>";
		};
		E0BBB1E52638176800DC4553 /* Model */ = {
			isa = PBXGroup;
			children = (
				E0B653B7260C497B007C402F /* PhotoManager.swift */,
				E0BBB1B226378ADE00DC4553 /* PhotoCluster.swift */,
			);
			path = Model;
			sourceTree = "<group>";
		};
		E0BBB1E62638178C00DC4553 /* View */ = {
			isa = PBXGroup;
			children = (
				E0AE48362614659500BEC498 /* IconStackView.swift */,
				E0AE4839261465CA00BEC498 /* IconStackView.xib */,
				E0B653B2260C40DD007C402F /* HomeCollectionViewCell.swift */,
				E0B653B3260C40DD007C402F /* HomeCollectionViewCell.xib */,
			);
			path = View;
			sourceTree = "<group>";
		};
		E0BBB1F82638255C00DC4553 /* Controller */ = {
			isa = PBXGroup;
			children = (
				E0364FFD26247CC4006D243E /* ManualPhotoViewController.swift */,
			);
			path = Controller;
			sourceTree = "<group>";
		};
		E0BBB1F92638256600DC4553 /* Model */ = {
			isa = PBXGroup;
			children = (
				E0BBB2072638EB6A00DC4553 /* DateRecognizer.swift */,
				E0BBB2152638F72600DC4553 /* BrandRecognizer.swift */,
				E0BDEB7B2649476F00228762 /* NameRecognizer.swift */,
			);
			path = Model;
			sourceTree = "<group>";
		};
		E0BBB1FE2638266800DC4553 /* ViewModel */ = {
			isa = PBXGroup;
			children = (
				E0BBB1FF2638268400DC4553 /* ManualViewModel.swift */,
			);
			path = ViewModel;
			sourceTree = "<group>";
		};
		E0BDEB6526491DFE00228762 /* Module */ = {
			isa = PBXGroup;
			children = (
				E0BDEB6626491E0700228762 /* OCR */,
			);
			path = Module;
			sourceTree = "<group>";
		};
		E0BDEB6626491E0700228762 /* OCR */ = {
			isa = PBXGroup;
			children = (
				E0BDEB6726491E8100228762 /* OCRManager.swift */,
				E0364FF42623EA97006D243E /* TextRecognitionWrapper.swift */,
				E0B653BA260C5833007C402F /* BarcodeRequestWrapper.swift */,
				E0BDEB6D264939F700228762 /* TessearctEngine.swift */,
			);
			path = OCR;
			sourceTree = "<group>";
		};
		E0C3CFA3263FF78200483A91 /* CounponDetailScene */ = {
			isa = PBXGroup;
			children = (
				E0C3CFA4263FF79D00483A91 /* CouponDetailViewController.swift */,
			);
			path = CounponDetailScene;
			sourceTree = "<group>";
		};
		EAA2D1BEF8CE5C294F1D0B9C /* Frameworks */ = {
			isa = PBXGroup;
			children = (
				877DF317B04331FB7E3B67F8 /* Pods_ticonMoa.framework */,
			);
			name = Frameworks;
			sourceTree = "<group>";
		};
		FFEBC3EBBEA75BCB46C73955 /* Pods */ = {
			isa = PBXGroup;
			children = (
				3053155E20A9E51D8D61FD34 /* Pods-ticonMoa.debug.xcconfig */,
				79A4CD5FE06E834BF95ED000 /* Pods-ticonMoa.release.xcconfig */,
			);
			path = Pods;
			sourceTree = "<group>";
		};
/* End PBXGroup section */

/* Begin PBXNativeTarget section */
		E053B6342604FC77005FAD51 /* ticonMoa */ = {
			isa = PBXNativeTarget;
			buildConfigurationList = E053B6492604FC79005FAD51 /* Build configuration list for PBXNativeTarget "ticonMoa" */;
			buildPhases = (
				883A0E0AC89365E19C044AE9 /* [CP] Check Pods Manifest.lock */,
				E053B6312604FC77005FAD51 /* Sources */,
				E053B6322604FC77005FAD51 /* Frameworks */,
				E053B6332604FC77005FAD51 /* Resources */,
				16D7733897A4EBCF07F6B934 /* [CP] Embed Pods Frameworks */,
			);
			buildRules = (
			);
			dependencies = (
			);
			name = ticonMoa;
			packageProductDependencies = (
				E0AB99E526421B9600F11602 /* SwiftyTesseract */,
			);
			productName = ticonMoa;
			productReference = E053B6352604FC77005FAD51 /* ticonMoa.app */;
			productType = "com.apple.product-type.application";
		};
		E0BBB1BC2637C55E00DC4553 /* ticonMoaTests */ = {
			isa = PBXNativeTarget;
			buildConfigurationList = E0BBB1C62637C55E00DC4553 /* Build configuration list for PBXNativeTarget "ticonMoaTests" */;
			buildPhases = (
				E0BBB1B92637C55E00DC4553 /* Sources */,
				E0BBB1BA2637C55E00DC4553 /* Frameworks */,
				E0BBB1BB2637C55E00DC4553 /* Resources */,
			);
			buildRules = (
			);
			dependencies = (
				E0BBB1C32637C55E00DC4553 /* PBXTargetDependency */,
			);
			name = ticonMoaTests;
			productName = ticonMoaTests;
			productReference = E0BBB1BD2637C55E00DC4553 /* ticonMoaTests.xctest */;
			productType = "com.apple.product-type.bundle.unit-test";
		};
/* End PBXNativeTarget section */

/* Begin PBXProject section */
		E053B62D2604FC77005FAD51 /* Project object */ = {
			isa = PBXProject;
			attributes = {
				LastSwiftUpdateCheck = 1240;
				LastUpgradeCheck = 1240;
				TargetAttributes = {
					E053B6342604FC77005FAD51 = {
						CreatedOnToolsVersion = 12.4;
					};
					E0BBB1BC2637C55E00DC4553 = {
						CreatedOnToolsVersion = 12.4;
						TestTargetID = E053B6342604FC77005FAD51;
					};
				};
			};
			buildConfigurationList = E053B6302604FC77005FAD51 /* Build configuration list for PBXProject "ticonMoa" */;
			compatibilityVersion = "Xcode 9.3";
			developmentRegion = en;
			hasScannedForEncodings = 0;
			knownRegions = (
				en,
				Base,
			);
			mainGroup = E053B62C2604FC77005FAD51;
			packageReferences = (
				E0AB99E426421B9600F11602 /* XCRemoteSwiftPackageReference "SwiftyTesseract" */,
			);
			productRefGroup = E053B6362604FC77005FAD51 /* Products */;
			projectDirPath = "";
			projectRoot = "";
			targets = (
				E053B6342604FC77005FAD51 /* ticonMoa */,
				E0BBB1BC2637C55E00DC4553 /* ticonMoaTests */,
			);
		};
/* End PBXProject section */

/* Begin PBXResourcesBuildPhase section */
		E053B6332604FC77005FAD51 /* Resources */ = {
			isa = PBXResourcesBuildPhase;
			buildActionMask = 2147483647;
			files = (
				E0AB9A272642CDEE00F11602 /* ButtonAddView.xib in Resources */,
				E0AE482A261442FC00BEC498 /* HorizontalScrollView.xib in Resources */,
				E0AE482F2614526600BEC498 /* CategoryCell.xib in Resources */,
				E0C3CF96263E5F0600483A91 /* SearchCollectionViewCell.xib in Resources */,
				E0AE483A261465CA00BEC498 /* IconStackView.xib in Resources */,
				E0AB9A532643B48F00F11602 /* ChoiceView.xib in Resources */,
				E053B6452604FC79005FAD51 /* LaunchScreen.storyboard in Resources */,
				E0C3CFA0263FE24C00483A91 /* SearchHeaderReusableView.xib in Resources */,
				E0AB9A41264367B700F11602 /* PullUpView.xib in Resources */,
				E053B6422604FC79005FAD51 /* Assets.xcassets in Resources */,
				E0AB99FE26427B6700F11602 /* MainIconHeaderView.xib in Resources */,
				E0AB9A142642A09F00F11602 /* MainCategoryHeaderView.xib in Resources */,
				E0AB99EC26421E3400F11602 /* tessdata in Resources */,
				E053B6402604FC77005FAD51 /* Main.storyboard in Resources */,
				E0AB9A0626429A4A00F11602 /* MainCollectionViewCell.xib in Resources */,
				E0B653B5260C40DD007C402F /* HomeCollectionViewCell.xib in Resources */,
			);
			runOnlyForDeploymentPostprocessing = 0;
		};
		E0BBB1BB2637C55E00DC4553 /* Resources */ = {
			isa = PBXResourcesBuildPhase;
			buildActionMask = 2147483647;
			files = (
			);
			runOnlyForDeploymentPostprocessing = 0;
		};
/* End PBXResourcesBuildPhase section */

/* Begin PBXShellScriptBuildPhase section */
		16D7733897A4EBCF07F6B934 /* [CP] Embed Pods Frameworks */ = {
			isa = PBXShellScriptBuildPhase;
			buildActionMask = 2147483647;
			files = (
			);
			inputFileListPaths = (
				"${PODS_ROOT}/Target Support Files/Pods-ticonMoa/Pods-ticonMoa-frameworks-${CONFIGURATION}-input-files.xcfilelist",
			);
			name = "[CP] Embed Pods Frameworks";
			outputFileListPaths = (
				"${PODS_ROOT}/Target Support Files/Pods-ticonMoa/Pods-ticonMoa-frameworks-${CONFIGURATION}-output-files.xcfilelist",
			);
			runOnlyForDeploymentPostprocessing = 0;
			shellPath = /bin/sh;
			shellScript = "\"${PODS_ROOT}/Target Support Files/Pods-ticonMoa/Pods-ticonMoa-frameworks.sh\"\n";
			showEnvVarsInLog = 0;
		};
		883A0E0AC89365E19C044AE9 /* [CP] Check Pods Manifest.lock */ = {
			isa = PBXShellScriptBuildPhase;
			buildActionMask = 2147483647;
			files = (
			);
			inputFileListPaths = (
			);
			inputPaths = (
				"${PODS_PODFILE_DIR_PATH}/Podfile.lock",
				"${PODS_ROOT}/Manifest.lock",
			);
			name = "[CP] Check Pods Manifest.lock";
			outputFileListPaths = (
			);
			outputPaths = (
				"$(DERIVED_FILE_DIR)/Pods-ticonMoa-checkManifestLockResult.txt",
			);
			runOnlyForDeploymentPostprocessing = 0;
			shellPath = /bin/sh;
			shellScript = "diff \"${PODS_PODFILE_DIR_PATH}/Podfile.lock\" \"${PODS_ROOT}/Manifest.lock\" > /dev/null\nif [ $? != 0 ] ; then\n    # print error to STDERR\n    echo \"error: The sandbox is not in sync with the Podfile.lock. Run 'pod install' or update your CocoaPods installation.\" >&2\n    exit 1\nfi\n# This output is used by Xcode 'outputs' to avoid re-running this script phase.\necho \"SUCCESS\" > \"${SCRIPT_OUTPUT_FILE_0}\"\n";
			showEnvVarsInLog = 0;
		};
/* End PBXShellScriptBuildPhase section */

/* Begin PBXSourcesBuildPhase section */
		E053B6312604FC77005FAD51 /* Sources */ = {
			isa = PBXSourcesBuildPhase;
			buildActionMask = 2147483647;
			files = (
				E0C3CF90263E5E1700483A91 /* SearchViewModel.swift in Sources */,
				E0BBB1B326378ADE00DC4553 /* PhotoCluster.swift in Sources */,
				E0364FF52623EA97006D243E /* TextRecognitionWrapper.swift in Sources */,
				E0AE481F26143C9000BEC498 /* UIStoryboard.swift in Sources */,
				E0BBB1D42637F50900DC4553 /* HomeViewModel.swift in Sources */,
				E0BBB1F326381F2400DC4553 /* HomeVC + ImagePicker.swift in Sources */,
				E0AE4854261BE6EB00BEC498 /* TransitioningDelegate.swift in Sources */,
				E0AE4817261438AE00BEC498 /* SearchViewController.swift in Sources */,
				E0AB9A182642CC2500F11602 /* Gifticon.swift in Sources */,
				E053B63D2604FC77005FAD51 /* HomeViewController.swift in Sources */,
				E0AE482E2614526600BEC498 /* CategoryCell.swift in Sources */,
				E0AB99F626427A6100F11602 /* MainViewController.swift in Sources */,
				E0AE480526131D5C00BEC498 /* MainTabBarController.swift in Sources */,
				E053B6392604FC77005FAD51 /* AppDelegate.swift in Sources */,
				E0AB9A3D264367B200F11602 /* PullUpView.swift in Sources */,
				E0BBB1E02638113D00DC4553 /* HomeVC + IconStackViewDelegate.swift in Sources */,
				E0BDEB7C2649476F00228762 /* NameRecognizer.swift in Sources */,
				E0AB9A4B2643707200F11602 /* PullUpViewController.swift in Sources */,
				E0AE4826261442D400BEC498 /* HorizontalScrollView.swift in Sources */,
				E0AB9A4F2643B47100F11602 /* ChoiceView.swift in Sources */,
				E0BDEB6E264939F700228762 /* TessearctEngine.swift in Sources */,
				E0364FFE26247CC4006D243E /* ManualPhotoViewController.swift in Sources */,
				E053B63B2604FC77005FAD51 /* SceneDelegate.swift in Sources */,
				E0BBB2162638F72600DC4553 /* BrandRecognizer.swift in Sources */,
				E0AE48372614659500BEC498 /* IconStackView.swift in Sources */,
				E0AE480C2613222D00BEC498 /* Autolayout.swift in Sources */,
				E0AB9A6B2643D6D900F11602 /* MainVC + CollectionView.swift in Sources */,
				E0C3CFA5263FF79D00483A91 /* CouponDetailViewController.swift in Sources */,
				E0AB9A712643D74100F11602 /* MainVC + PhotoPick.swift in Sources */,
				E0AE484726171CE100BEC498 /* SlideAnimator.swift in Sources */,
				E0BBB20F2638F70200DC4553 /* Date+toString.swift in Sources */,
				E0364FF22623E007006D243E /* ImagePreProccessor.swift in Sources */,
				E0AE481B261438BA00BEC498 /* ProfileViewController.swift in Sources */,
				E0AE48412616875F00BEC498 /* MapViewController.swift in Sources */,
				E0AE483326145A8200BEC498 /* String+widthHeight.swift in Sources */,
				E0B653B8260C497B007C402F /* PhotoManager.swift in Sources */,
				E0AB99FA26427B6000F11602 /* MainIconHeaderView.swift in Sources */,
				E0AB9A212642CDE500F11602 /* ButtonAddView.swift in Sources */,
				E0BDEB6826491E8100228762 /* OCRManager.swift in Sources */,
				E0BBB1DA263810DC00DC4553 /* HomeVC + TransitioningDelegate.swift in Sources */,
				E0B653BB260C5833007C402F /* BarcodeRequestWrapper.swift in Sources */,
				E0C3CF9A263F955D00483A91 /* HomeVC + UI.swift in Sources */,
				E0C3CF95263E5F0600483A91 /* SearchCollectionViewCell.swift in Sources */,
				E0C3CF9F263FE24C00483A91 /* SearchHeaderReusableView.swift in Sources */,
				E0AB9A132642A09F00F11602 /* MainCategoryHeaderView.swift in Sources */,
				E0AB9A0526429A4A00F11602 /* MainCollectionViewCell.swift in Sources */,
				E0BBB2002638268400DC4553 /* ManualViewModel.swift in Sources */,
				E0AE483D2615AFEA00BEC498 /* IconButton.swift in Sources */,
				E0AE480826131DF600BEC498 /* RoundTabBarView.swift in Sources */,
				E0B653B4260C40DD007C402F /* HomeCollectionViewCell.swift in Sources */,
				E0BBB2082638EB6A00DC4553 /* DateRecognizer.swift in Sources */,
				E0AB9A1C2642CC2A00F11602 /* Category.swift in Sources */,
			);
			runOnlyForDeploymentPostprocessing = 0;
		};
		E0BBB1B92637C55E00DC4553 /* Sources */ = {
			isa = PBXSourcesBuildPhase;
			buildActionMask = 2147483647;
			files = (
				E0BBB2122638F70600DC4553 /* Date+toString.swift in Sources */,
				E0BBB1C02637C55E00DC4553 /* ticonMoaTests.swift in Sources */,
				E0BBB20B2638ED6C00DC4553 /* DateRecognizer.swift in Sources */,
			);
			runOnlyForDeploymentPostprocessing = 0;
		};
/* End PBXSourcesBuildPhase section */

/* Begin PBXTargetDependency section */
		E0BBB1C32637C55E00DC4553 /* PBXTargetDependency */ = {
			isa = PBXTargetDependency;
			target = E053B6342604FC77005FAD51 /* ticonMoa */;
			targetProxy = E0BBB1C22637C55E00DC4553 /* PBXContainerItemProxy */;
		};
/* End PBXTargetDependency section */

/* Begin PBXVariantGroup section */
		E053B63E2604FC77005FAD51 /* Main.storyboard */ = {
			isa = PBXVariantGroup;
			children = (
				E053B63F2604FC77005FAD51 /* Base */,
			);
			name = Main.storyboard;
			sourceTree = "<group>";
		};
		E053B6432604FC79005FAD51 /* LaunchScreen.storyboard */ = {
			isa = PBXVariantGroup;
			children = (
				E053B6442604FC79005FAD51 /* Base */,
			);
			name = LaunchScreen.storyboard;
			sourceTree = "<group>";
		};
/* End PBXVariantGroup section */

/* Begin XCBuildConfiguration section */
		E053B6472604FC79005FAD51 /* Debug */ = {
			isa = XCBuildConfiguration;
			buildSettings = {
				ALWAYS_SEARCH_USER_PATHS = NO;
				CLANG_ANALYZER_NONNULL = YES;
				CLANG_ANALYZER_NUMBER_OBJECT_CONVERSION = YES_AGGRESSIVE;
				CLANG_CXX_LANGUAGE_STANDARD = "gnu++14";
				CLANG_CXX_LIBRARY = "libc++";
				CLANG_ENABLE_MODULES = YES;
				CLANG_ENABLE_OBJC_ARC = YES;
				CLANG_ENABLE_OBJC_WEAK = YES;
				CLANG_WARN_BLOCK_CAPTURE_AUTORELEASING = YES;
				CLANG_WARN_BOOL_CONVERSION = YES;
				CLANG_WARN_COMMA = YES;
				CLANG_WARN_CONSTANT_CONVERSION = YES;
				CLANG_WARN_DEPRECATED_OBJC_IMPLEMENTATIONS = YES;
				CLANG_WARN_DIRECT_OBJC_ISA_USAGE = YES_ERROR;
				CLANG_WARN_DOCUMENTATION_COMMENTS = YES;
				CLANG_WARN_EMPTY_BODY = YES;
				CLANG_WARN_ENUM_CONVERSION = YES;
				CLANG_WARN_INFINITE_RECURSION = YES;
				CLANG_WARN_INT_CONVERSION = YES;
				CLANG_WARN_NON_LITERAL_NULL_CONVERSION = YES;
				CLANG_WARN_OBJC_IMPLICIT_RETAIN_SELF = YES;
				CLANG_WARN_OBJC_LITERAL_CONVERSION = YES;
				CLANG_WARN_OBJC_ROOT_CLASS = YES_ERROR;
				CLANG_WARN_QUOTED_INCLUDE_IN_FRAMEWORK_HEADER = YES;
				CLANG_WARN_RANGE_LOOP_ANALYSIS = YES;
				CLANG_WARN_STRICT_PROTOTYPES = YES;
				CLANG_WARN_SUSPICIOUS_MOVE = YES;
				CLANG_WARN_UNGUARDED_AVAILABILITY = YES_AGGRESSIVE;
				CLANG_WARN_UNREACHABLE_CODE = YES;
				CLANG_WARN__DUPLICATE_METHOD_MATCH = YES;
				COPY_PHASE_STRIP = NO;
				DEBUG_INFORMATION_FORMAT = dwarf;
				ENABLE_STRICT_OBJC_MSGSEND = YES;
				ENABLE_TESTABILITY = YES;
				GCC_C_LANGUAGE_STANDARD = gnu11;
				GCC_DYNAMIC_NO_PIC = NO;
				GCC_NO_COMMON_BLOCKS = YES;
				GCC_OPTIMIZATION_LEVEL = 0;
				GCC_PREPROCESSOR_DEFINITIONS = (
					"DEBUG=1",
					"$(inherited)",
				);
				GCC_WARN_64_TO_32_BIT_CONVERSION = YES;
				GCC_WARN_ABOUT_RETURN_TYPE = YES_ERROR;
				GCC_WARN_UNDECLARED_SELECTOR = YES;
				GCC_WARN_UNINITIALIZED_AUTOS = YES_AGGRESSIVE;
				GCC_WARN_UNUSED_FUNCTION = YES;
				GCC_WARN_UNUSED_VARIABLE = YES;
				IPHONEOS_DEPLOYMENT_TARGET = 13.0;
				MTL_ENABLE_DEBUG_INFO = INCLUDE_SOURCE;
				MTL_FAST_MATH = YES;
				ONLY_ACTIVE_ARCH = YES;
				SDKROOT = iphoneos;
				SWIFT_ACTIVE_COMPILATION_CONDITIONS = DEBUG;
				SWIFT_OPTIMIZATION_LEVEL = "-Onone";
			};
			name = Debug;
		};
		E053B6482604FC79005FAD51 /* Release */ = {
			isa = XCBuildConfiguration;
			buildSettings = {
				ALWAYS_SEARCH_USER_PATHS = NO;
				CLANG_ANALYZER_NONNULL = YES;
				CLANG_ANALYZER_NUMBER_OBJECT_CONVERSION = YES_AGGRESSIVE;
				CLANG_CXX_LANGUAGE_STANDARD = "gnu++14";
				CLANG_CXX_LIBRARY = "libc++";
				CLANG_ENABLE_MODULES = YES;
				CLANG_ENABLE_OBJC_ARC = YES;
				CLANG_ENABLE_OBJC_WEAK = YES;
				CLANG_WARN_BLOCK_CAPTURE_AUTORELEASING = YES;
				CLANG_WARN_BOOL_CONVERSION = YES;
				CLANG_WARN_COMMA = YES;
				CLANG_WARN_CONSTANT_CONVERSION = YES;
				CLANG_WARN_DEPRECATED_OBJC_IMPLEMENTATIONS = YES;
				CLANG_WARN_DIRECT_OBJC_ISA_USAGE = YES_ERROR;
				CLANG_WARN_DOCUMENTATION_COMMENTS = YES;
				CLANG_WARN_EMPTY_BODY = YES;
				CLANG_WARN_ENUM_CONVERSION = YES;
				CLANG_WARN_INFINITE_RECURSION = YES;
				CLANG_WARN_INT_CONVERSION = YES;
				CLANG_WARN_NON_LITERAL_NULL_CONVERSION = YES;
				CLANG_WARN_OBJC_IMPLICIT_RETAIN_SELF = YES;
				CLANG_WARN_OBJC_LITERAL_CONVERSION = YES;
				CLANG_WARN_OBJC_ROOT_CLASS = YES_ERROR;
				CLANG_WARN_QUOTED_INCLUDE_IN_FRAMEWORK_HEADER = YES;
				CLANG_WARN_RANGE_LOOP_ANALYSIS = YES;
				CLANG_WARN_STRICT_PROTOTYPES = YES;
				CLANG_WARN_SUSPICIOUS_MOVE = YES;
				CLANG_WARN_UNGUARDED_AVAILABILITY = YES_AGGRESSIVE;
				CLANG_WARN_UNREACHABLE_CODE = YES;
				CLANG_WARN__DUPLICATE_METHOD_MATCH = YES;
				COPY_PHASE_STRIP = NO;
				DEBUG_INFORMATION_FORMAT = "dwarf-with-dsym";
				ENABLE_NS_ASSERTIONS = NO;
				ENABLE_STRICT_OBJC_MSGSEND = YES;
				GCC_C_LANGUAGE_STANDARD = gnu11;
				GCC_NO_COMMON_BLOCKS = YES;
				GCC_WARN_64_TO_32_BIT_CONVERSION = YES;
				GCC_WARN_ABOUT_RETURN_TYPE = YES_ERROR;
				GCC_WARN_UNDECLARED_SELECTOR = YES;
				GCC_WARN_UNINITIALIZED_AUTOS = YES_AGGRESSIVE;
				GCC_WARN_UNUSED_FUNCTION = YES;
				GCC_WARN_UNUSED_VARIABLE = YES;
				IPHONEOS_DEPLOYMENT_TARGET = 13.0;
				MTL_ENABLE_DEBUG_INFO = NO;
				MTL_FAST_MATH = YES;
				SDKROOT = iphoneos;
				SWIFT_COMPILATION_MODE = wholemodule;
				SWIFT_OPTIMIZATION_LEVEL = "-O";
				VALIDATE_PRODUCT = YES;
			};
			name = Release;
		};
		E053B64A2604FC79005FAD51 /* Debug */ = {
			isa = XCBuildConfiguration;
			baseConfigurationReference = 3053155E20A9E51D8D61FD34 /* Pods-ticonMoa.debug.xcconfig */;
			buildSettings = {
				ASSETCATALOG_COMPILER_APPICON_NAME = AppIcon;
				ASSETCATALOG_COMPILER_GLOBAL_ACCENT_COLOR_NAME = AccentColor;
				CODE_SIGN_STYLE = Automatic;
				DEVELOPMENT_TEAM = 7BP3494UVW;
				INFOPLIST_FILE = ticonMoa/Info.plist;
				LD_RUNPATH_SEARCH_PATHS = (
					"$(inherited)",
					"@executable_path/Frameworks",
				);
				PRODUCT_BUNDLE_IDENTIFIER = hoonv.ticonMoa;
				PRODUCT_NAME = "$(TARGET_NAME)";
				SWIFT_VERSION = 5.0;
				TARGETED_DEVICE_FAMILY = "1,2";
			};
			name = Debug;
		};
		E053B64B2604FC79005FAD51 /* Release */ = {
			isa = XCBuildConfiguration;
			baseConfigurationReference = 79A4CD5FE06E834BF95ED000 /* Pods-ticonMoa.release.xcconfig */;
			buildSettings = {
				ASSETCATALOG_COMPILER_APPICON_NAME = AppIcon;
				ASSETCATALOG_COMPILER_GLOBAL_ACCENT_COLOR_NAME = AccentColor;
				CODE_SIGN_STYLE = Automatic;
				DEVELOPMENT_TEAM = 7BP3494UVW;
				INFOPLIST_FILE = ticonMoa/Info.plist;
				LD_RUNPATH_SEARCH_PATHS = (
					"$(inherited)",
					"@executable_path/Frameworks",
				);
				PRODUCT_BUNDLE_IDENTIFIER = hoonv.ticonMoa;
				PRODUCT_NAME = "$(TARGET_NAME)";
				SWIFT_VERSION = 5.0;
				TARGETED_DEVICE_FAMILY = "1,2";
			};
			name = Release;
		};
		E0BBB1C42637C55E00DC4553 /* Debug */ = {
			isa = XCBuildConfiguration;
			buildSettings = {
				BUNDLE_LOADER = "$(TEST_HOST)";
				CODE_SIGN_STYLE = Automatic;
				DEVELOPMENT_TEAM = 7BP3494UVW;
				INFOPLIST_FILE = ticonMoaTests/Info.plist;
				IPHONEOS_DEPLOYMENT_TARGET = 14.4;
				LD_RUNPATH_SEARCH_PATHS = (
					"$(inherited)",
					"@executable_path/Frameworks",
					"@loader_path/Frameworks",
				);
				PRODUCT_BUNDLE_IDENTIFIER = hoonv.ticonMoaTests;
				PRODUCT_NAME = "$(TARGET_NAME)";
				SWIFT_VERSION = 5.0;
				TARGETED_DEVICE_FAMILY = "1,2";
				TEST_HOST = "$(BUILT_PRODUCTS_DIR)/ticonMoa.app/ticonMoa";
			};
			name = Debug;
		};
		E0BBB1C52637C55E00DC4553 /* Release */ = {
			isa = XCBuildConfiguration;
			buildSettings = {
				BUNDLE_LOADER = "$(TEST_HOST)";
				CODE_SIGN_STYLE = Automatic;
				DEVELOPMENT_TEAM = 7BP3494UVW;
				INFOPLIST_FILE = ticonMoaTests/Info.plist;
				IPHONEOS_DEPLOYMENT_TARGET = 14.4;
				LD_RUNPATH_SEARCH_PATHS = (
					"$(inherited)",
					"@executable_path/Frameworks",
					"@loader_path/Frameworks",
				);
				PRODUCT_BUNDLE_IDENTIFIER = hoonv.ticonMoaTests;
				PRODUCT_NAME = "$(TARGET_NAME)";
				SWIFT_VERSION = 5.0;
				TARGETED_DEVICE_FAMILY = "1,2";
				TEST_HOST = "$(BUILT_PRODUCTS_DIR)/ticonMoa.app/ticonMoa";
			};
			name = Release;
		};
/* End XCBuildConfiguration section */

/* Begin XCConfigurationList section */
		E053B6302604FC77005FAD51 /* Build configuration list for PBXProject "ticonMoa" */ = {
			isa = XCConfigurationList;
			buildConfigurations = (
				E053B6472604FC79005FAD51 /* Debug */,
				E053B6482604FC79005FAD51 /* Release */,
			);
			defaultConfigurationIsVisible = 0;
			defaultConfigurationName = Release;
		};
		E053B6492604FC79005FAD51 /* Build configuration list for PBXNativeTarget "ticonMoa" */ = {
			isa = XCConfigurationList;
			buildConfigurations = (
				E053B64A2604FC79005FAD51 /* Debug */,
				E053B64B2604FC79005FAD51 /* Release */,
			);
			defaultConfigurationIsVisible = 0;
			defaultConfigurationName = Release;
		};
		E0BBB1C62637C55E00DC4553 /* Build configuration list for PBXNativeTarget "ticonMoaTests" */ = {
			isa = XCConfigurationList;
			buildConfigurations = (
				E0BBB1C42637C55E00DC4553 /* Debug */,
				E0BBB1C52637C55E00DC4553 /* Release */,
			);
			defaultConfigurationIsVisible = 0;
			defaultConfigurationName = Release;
		};
/* End XCConfigurationList section */

/* Begin XCRemoteSwiftPackageReference section */
		E0AB99E426421B9600F11602 /* XCRemoteSwiftPackageReference "SwiftyTesseract" */ = {
			isa = XCRemoteSwiftPackageReference;
			repositoryURL = "https://github.com/SwiftyTesseract/SwiftyTesseract";
			requirement = {
				kind = upToNextMajorVersion;
				minimumVersion = 4.0.1;
			};
		};
/* End XCRemoteSwiftPackageReference section */

/* Begin XCSwiftPackageProductDependency section */
		E0AB99E526421B9600F11602 /* SwiftyTesseract */ = {
			isa = XCSwiftPackageProductDependency;
			package = E0AB99E426421B9600F11602 /* XCRemoteSwiftPackageReference "SwiftyTesseract" */;
			productName = SwiftyTesseract;
		};
/* End XCSwiftPackageProductDependency section */
	};
	rootObject = E053B62D2604FC77005FAD51 /* Project object */;
}
