// !$*UTF8*$!
{
	archiveVersion = 1;
	classes = {
	};
	objectVersion = 52;
	objects = {

/* Begin PBXBuildFile section */
		E026F1F72696D1E400EF300C /* RxSwift in Frameworks */ = {isa = PBXBuildFile; productRef = E026F1F62696D1E400EF300C /* RxSwift */; };
		E026F1F92696D1E400EF300C /* RxCocoa in Frameworks */ = {isa = PBXBuildFile; productRef = E026F1F82696D1E400EF300C /* RxCocoa */; };
		E026F2132696DD7E00EF300C /* Button+Animation.swift in Sources */ = {isa = PBXBuildFile; fileRef = E026F2122696DD7E00EF300C /* Button+Animation.swift */; };
		E026F22D2696EE4000EF300C /* CouponAddPresenter.swift in Sources */ = {isa = PBXBuildFile; fileRef = E026F2272696EE4000EF300C /* CouponAddPresenter.swift */; };
		E026F22E2696EE4000EF300C /* CouponAddWorker.swift in Sources */ = {isa = PBXBuildFile; fileRef = E026F2282696EE4000EF300C /* CouponAddWorker.swift */; };
		E026F22F2696EE4000EF300C /* CouponAddRouter.swift in Sources */ = {isa = PBXBuildFile; fileRef = E026F2292696EE4000EF300C /* CouponAddRouter.swift */; };
		E026F2302696EE4000EF300C /* CouponAddModels.swift in Sources */ = {isa = PBXBuildFile; fileRef = E026F22A2696EE4000EF300C /* CouponAddModels.swift */; };
		E026F2312696EE4000EF300C /* CouponAddViewController.swift in Sources */ = {isa = PBXBuildFile; fileRef = E026F22B2696EE4000EF300C /* CouponAddViewController.swift */; };
		E026F2322696EE4000EF300C /* CouponAddInteractor.swift in Sources */ = {isa = PBXBuildFile; fileRef = E026F22C2696EE4000EF300C /* CouponAddInteractor.swift */; };
		E026F23F26971B5100EF300C /* PhotoCell.swift in Sources */ = {isa = PBXBuildFile; fileRef = E026F23E26971B5100EF300C /* PhotoCell.swift */; };
		E026F2462697D91E00EF300C /* CouponAddHeader.swift in Sources */ = {isa = PBXBuildFile; fileRef = E026F2452697D91E00EF300C /* CouponAddHeader.swift */; };
		E026F254269814B500EF300C /* CouponScanPresenter.swift in Sources */ = {isa = PBXBuildFile; fileRef = E026F24E269814B500EF300C /* CouponScanPresenter.swift */; };
		E026F255269814B500EF300C /* CouponScanWorker.swift in Sources */ = {isa = PBXBuildFile; fileRef = E026F24F269814B500EF300C /* CouponScanWorker.swift */; };
		E026F256269814B500EF300C /* CouponScanRouter.swift in Sources */ = {isa = PBXBuildFile; fileRef = E026F250269814B500EF300C /* CouponScanRouter.swift */; };
		E026F257269814B500EF300C /* CouponScanModels.swift in Sources */ = {isa = PBXBuildFile; fileRef = E026F251269814B500EF300C /* CouponScanModels.swift */; };
		E026F258269814B500EF300C /* CouponScanViewController.swift in Sources */ = {isa = PBXBuildFile; fileRef = E026F252269814B500EF300C /* CouponScanViewController.swift */; };
		E026F259269814B500EF300C /* CouponScanInteractor.swift in Sources */ = {isa = PBXBuildFile; fileRef = E026F253269814B500EF300C /* CouponScanInteractor.swift */; };
		E026F2CB269BD7B400EF300C /* ManagedCoupon+CoreDataClass.swift in Sources */ = {isa = PBXBuildFile; fileRef = E026F2C9269BD7B400EF300C /* ManagedCoupon+CoreDataClass.swift */; };
		E026F2CC269BD7B400EF300C /* ManagedCoupon+CoreDataProperties.swift in Sources */ = {isa = PBXBuildFile; fileRef = E026F2CA269BD7B400EF300C /* ManagedCoupon+CoreDataProperties.swift */; };
		E02F085B2696787A0092B05A /* CouponListPresenter.swift in Sources */ = {isa = PBXBuildFile; fileRef = E02F08552696787A0092B05A /* CouponListPresenter.swift */; };
		E02F085C2696787A0092B05A /* CouponListWorker.swift in Sources */ = {isa = PBXBuildFile; fileRef = E02F08562696787A0092B05A /* CouponListWorker.swift */; };
		E02F085D2696787A0092B05A /* CouponListRouter.swift in Sources */ = {isa = PBXBuildFile; fileRef = E02F08572696787A0092B05A /* CouponListRouter.swift */; };
		E02F085E2696787A0092B05A /* CouponListModels.swift in Sources */ = {isa = PBXBuildFile; fileRef = E02F08582696787A0092B05A /* CouponListModels.swift */; };
		E02F085F2696787A0092B05A /* CouponListViewController.swift in Sources */ = {isa = PBXBuildFile; fileRef = E02F08592696787A0092B05A /* CouponListViewController.swift */; };
		E02F08602696787A0092B05A /* CouponListInteractor.swift in Sources */ = {isa = PBXBuildFile; fileRef = E02F085A2696787A0092B05A /* CouponListInteractor.swift */; };
		E02F086526967B1D0092B05A /* SnapKit in Frameworks */ = {isa = PBXBuildFile; productRef = E02F086426967B1D0092B05A /* SnapKit */; };
		E02F0869269686000092B05A /* CouponListCell.swift in Sources */ = {isa = PBXBuildFile; fileRef = E02F0868269686000092B05A /* CouponListCell.swift */; };
		E02F08732696B7690092B05A /* CouponListHeader.swift in Sources */ = {isa = PBXBuildFile; fileRef = E02F08722696B7690092B05A /* CouponListHeader.swift */; };
		E02F08772696C04B0092B05A /* IconButton.swift in Sources */ = {isa = PBXBuildFile; fileRef = E02F08762696C04B0092B05A /* IconButton.swift */; };
		E0364FF22623E007006D243E /* ImagePreProccessor.swift in Sources */ = {isa = PBXBuildFile; fileRef = E0364FF12623E007006D243E /* ImagePreProccessor.swift */; };
		E0364FF52623EA97006D243E /* TextRecognitionWrapper(deprecated).swift in Sources */ = {isa = PBXBuildFile; fileRef = E0364FF42623EA97006D243E /* TextRecognitionWrapper(deprecated).swift */; };
		E03A51C026AFA38A00312090 /* SearchResultPresenter.swift in Sources */ = {isa = PBXBuildFile; fileRef = E03A51BA26AFA38A00312090 /* SearchResultPresenter.swift */; };
		E03A51C126AFA38A00312090 /* SearchResultWorker.swift in Sources */ = {isa = PBXBuildFile; fileRef = E03A51BB26AFA38A00312090 /* SearchResultWorker.swift */; };
		E03A51C226AFA38A00312090 /* SearchResultRouter.swift in Sources */ = {isa = PBXBuildFile; fileRef = E03A51BC26AFA38A00312090 /* SearchResultRouter.swift */; };
		E03A51C326AFA38A00312090 /* SearchResultModels.swift in Sources */ = {isa = PBXBuildFile; fileRef = E03A51BD26AFA38A00312090 /* SearchResultModels.swift */; };
		E03A51C426AFA38A00312090 /* SearchResultViewController.swift in Sources */ = {isa = PBXBuildFile; fileRef = E03A51BE26AFA38A00312090 /* SearchResultViewController.swift */; };
		E03A51C526AFA38A00312090 /* SearchResultInteractor.swift in Sources */ = {isa = PBXBuildFile; fileRef = E03A51BF26AFA38A00312090 /* SearchResultInteractor.swift */; };
		E03A51CE26AFB87000312090 /* ViewModelCoupon.swift in Sources */ = {isa = PBXBuildFile; fileRef = E03A51CD26AFB87000312090 /* ViewModelCoupon.swift */; };
		E03A51D526AFBEA900312090 /* SearchResultHeader.swift in Sources */ = {isa = PBXBuildFile; fileRef = E03A51D426AFBEA900312090 /* SearchResultHeader.swift */; };
		E04723BB26A59D0200706684 /* PhotoScanInputForm.swift in Sources */ = {isa = PBXBuildFile; fileRef = E04723BA26A59D0200706684 /* PhotoScanInputForm.swift */; };
		E053B6392604FC77005FAD51 /* AppDelegate.swift in Sources */ = {isa = PBXBuildFile; fileRef = E053B6382604FC77005FAD51 /* AppDelegate.swift */; };
		E053B63B2604FC77005FAD51 /* SceneDelegate.swift in Sources */ = {isa = PBXBuildFile; fileRef = E053B63A2604FC77005FAD51 /* SceneDelegate.swift */; };
		E053B6402604FC77005FAD51 /* Main.storyboard in Resources */ = {isa = PBXBuildFile; fileRef = E053B63E2604FC77005FAD51 /* Main.storyboard */; };
		E053B6422604FC79005FAD51 /* Assets.xcassets in Resources */ = {isa = PBXBuildFile; fileRef = E053B6412604FC79005FAD51 /* Assets.xcassets */; };
		E053B6452604FC79005FAD51 /* LaunchScreen.storyboard in Resources */ = {isa = PBXBuildFile; fileRef = E053B6432604FC79005FAD51 /* LaunchScreen.storyboard */; };
		E07BFC7326B1357D001EEBB9 /* GoogleService-Info.plist in Resources */ = {isa = PBXBuildFile; fileRef = E07BFC7226B1357D001EEBB9 /* GoogleService-Info.plist */; };
		E07BFC7A26B138ED001EEBB9 /* tessdata in Resources */ = {isa = PBXBuildFile; fileRef = E07BFC7926B138ED001EEBB9 /* tessdata */; };
		E098DF8C26A7D6C0005B77C7 /* String+Date.swift in Sources */ = {isa = PBXBuildFile; fileRef = E098DF8B26A7D6C0005B77C7 /* String+Date.swift */; };
		E098DF9B26A80771005B77C7 /* CouponDetailPresenter.swift in Sources */ = {isa = PBXBuildFile; fileRef = E098DF9526A80771005B77C7 /* CouponDetailPresenter.swift */; };
		E098DF9C26A80771005B77C7 /* CouponDetailWorker.swift in Sources */ = {isa = PBXBuildFile; fileRef = E098DF9626A80771005B77C7 /* CouponDetailWorker.swift */; };
		E098DF9D26A80771005B77C7 /* CouponDetailRouter.swift in Sources */ = {isa = PBXBuildFile; fileRef = E098DF9726A80771005B77C7 /* CouponDetailRouter.swift */; };
		E098DF9E26A80771005B77C7 /* CouponDetailModels.swift in Sources */ = {isa = PBXBuildFile; fileRef = E098DF9826A80771005B77C7 /* CouponDetailModels.swift */; };
		E098DF9F26A80771005B77C7 /* CouponDetailViewController.swift in Sources */ = {isa = PBXBuildFile; fileRef = E098DF9926A80771005B77C7 /* CouponDetailViewController.swift */; };
		E098DFA026A80771005B77C7 /* CouponDetailInteractor.swift in Sources */ = {isa = PBXBuildFile; fileRef = E098DF9A26A80771005B77C7 /* CouponDetailInteractor.swift */; };
		E0AB99E626421B9600F11602 /* SwiftyTesseract in Frameworks */ = {isa = PBXBuildFile; productRef = E0AB99E526421B9600F11602 /* SwiftyTesseract */; };
		E0AB9A182642CC2500F11602 /* Coupon.swift in Sources */ = {isa = PBXBuildFile; fileRef = E0AB9A172642CC2500F11602 /* Coupon.swift */; };
		E0AB9A1C2642CC2A00F11602 /* Category.swift in Sources */ = {isa = PBXBuildFile; fileRef = E0AB9A1B2642CC2A00F11602 /* Category.swift */; };
		E0AE480526131D5C00BEC498 /* MainTabBarController.swift in Sources */ = {isa = PBXBuildFile; fileRef = E0AE480426131D5C00BEC498 /* MainTabBarController.swift */; };
		E0AE480826131DF600BEC498 /* RoundTabBarView.swift in Sources */ = {isa = PBXBuildFile; fileRef = E0AE480726131DF600BEC498 /* RoundTabBarView.swift */; };
		E0AE483326145A8200BEC498 /* String+widthHeight.swift in Sources */ = {isa = PBXBuildFile; fileRef = E0AE483226145A8200BEC498 /* String+widthHeight.swift */; };
		E0B4555126A133770044E0E3 /* InputFieldView.swift in Sources */ = {isa = PBXBuildFile; fileRef = E0B4555026A133770044E0E3 /* InputFieldView.swift */; };
		E0B4555526A1505E0044E0E3 /* CouponScanHeader.swift in Sources */ = {isa = PBXBuildFile; fileRef = E0B4555426A1505E0044E0E3 /* CouponScanHeader.swift */; };
		E0B4555926A152910044E0E3 /* ViewController + Alert.swift in Sources */ = {isa = PBXBuildFile; fileRef = E0B4555826A152910044E0E3 /* ViewController + Alert.swift */; };
		E0B653B8260C497B007C402F /* PhotoManager.swift in Sources */ = {isa = PBXBuildFile; fileRef = E0B653B7260C497B007C402F /* PhotoManager.swift */; };
		E0B653BB260C5833007C402F /* BarcodeRequestWrapper.swift in Sources */ = {isa = PBXBuildFile; fileRef = E0B653BA260C5833007C402F /* BarcodeRequestWrapper.swift */; };
		E0BBA54126B102E600BF12A8 /* ProfilePresenter.swift in Sources */ = {isa = PBXBuildFile; fileRef = E0BBA53B26B102E600BF12A8 /* ProfilePresenter.swift */; };
		E0BBA54226B102E600BF12A8 /* ProfileWorker.swift in Sources */ = {isa = PBXBuildFile; fileRef = E0BBA53C26B102E600BF12A8 /* ProfileWorker.swift */; };
		E0BBA54326B102E600BF12A8 /* ProfileRouter.swift in Sources */ = {isa = PBXBuildFile; fileRef = E0BBA53D26B102E600BF12A8 /* ProfileRouter.swift */; };
		E0BBA54426B102E600BF12A8 /* ProfileModels.swift in Sources */ = {isa = PBXBuildFile; fileRef = E0BBA53E26B102E600BF12A8 /* ProfileModels.swift */; };
		E0BBA54526B102E600BF12A8 /* ProfileViewController.swift in Sources */ = {isa = PBXBuildFile; fileRef = E0BBA53F26B102E600BF12A8 /* ProfileViewController.swift */; };
		E0BBA54626B102E600BF12A8 /* ProfileInteractor.swift in Sources */ = {isa = PBXBuildFile; fileRef = E0BBA54026B102E600BF12A8 /* ProfileInteractor.swift */; };
		E0BBA55726B129B600BF12A8 /* ProfileCell.swift in Sources */ = {isa = PBXBuildFile; fileRef = E0BBA55626B129B600BF12A8 /* ProfileCell.swift */; };
		E0BBB1B326378ADE00DC4553 /* PhotoCluster.swift in Sources */ = {isa = PBXBuildFile; fileRef = E0BBB1B226378ADE00DC4553 /* PhotoCluster.swift */; };
		E0BBB1C02637C55E00DC4553 /* ticonMoaTests.swift in Sources */ = {isa = PBXBuildFile; fileRef = E0BBB1BF2637C55E00DC4553 /* ticonMoaTests.swift */; };
		E0BBB2082638EB6A00DC4553 /* DateRecognizer.swift in Sources */ = {isa = PBXBuildFile; fileRef = E0BBB2072638EB6A00DC4553 /* DateRecognizer.swift */; };
		E0BBB20F2638F70200DC4553 /* Date+toString.swift in Sources */ = {isa = PBXBuildFile; fileRef = E0BBB20E2638F70200DC4553 /* Date+toString.swift */; };
		E0BBB2122638F70600DC4553 /* Date+toString.swift in Sources */ = {isa = PBXBuildFile; fileRef = E0BBB20E2638F70200DC4553 /* Date+toString.swift */; };
		E0BBB2162638F72600DC4553 /* BrandRecognizer.swift in Sources */ = {isa = PBXBuildFile; fileRef = E0BBB2152638F72600DC4553 /* BrandRecognizer.swift */; };
		E0BDEB6826491E8100228762 /* OCRManager.swift in Sources */ = {isa = PBXBuildFile; fileRef = E0BDEB6726491E8100228762 /* OCRManager.swift */; };
		E0BDEB6E264939F700228762 /* TessearctEngine.swift in Sources */ = {isa = PBXBuildFile; fileRef = E0BDEB6D264939F700228762 /* TessearctEngine.swift */; };
		E0BDEB7C2649476F00228762 /* NameRecognizer.swift in Sources */ = {isa = PBXBuildFile; fileRef = E0BDEB7B2649476F00228762 /* NameRecognizer.swift */; };
		E0BDEB8526494C7600228762 /* Array+subscript.swift in Sources */ = {isa = PBXBuildFile; fileRef = E0BDEB8426494C7600228762 /* Array+subscript.swift */; };
		E0BDEB8F264A4EBC00228762 /* ExpandButton.swift in Sources */ = {isa = PBXBuildFile; fileRef = E0BDEB8E264A4EBC00228762 /* ExpandButton.swift */; };
		E0BDEB98264A837900228762 /* TiconMoaModel.xcdatamodeld in Sources */ = {isa = PBXBuildFile; fileRef = E0BDEB96264A837900228762 /* TiconMoaModel.xcdatamodeld */; };
		E0BDEBB1264A89AC00228762 /* CoreDataManager.swift in Sources */ = {isa = PBXBuildFile; fileRef = E0BDEBB0264A89AC00228762 /* CoreDataManager.swift */; };
		E0BDEBBB264AB3CC00228762 /* ImageManager.swift in Sources */ = {isa = PBXBuildFile; fileRef = E0BDEBBA264AB3CC00228762 /* ImageManager.swift */; };
		E0BDEBBF264AE44800228762 /* FeedBackButton.swift in Sources */ = {isa = PBXBuildFile; fileRef = E0BDEBBE264AE44800228762 /* FeedBackButton.swift */; };
		E0E99B1026A9166B00A4F3B1 /* FilterPresenter.swift in Sources */ = {isa = PBXBuildFile; fileRef = E0E99B0A26A9166B00A4F3B1 /* FilterPresenter.swift */; };
		E0E99B1126A9166B00A4F3B1 /* FilterWorker.swift in Sources */ = {isa = PBXBuildFile; fileRef = E0E99B0B26A9166B00A4F3B1 /* FilterWorker.swift */; };
		E0E99B1226A9166B00A4F3B1 /* FilterRouter.swift in Sources */ = {isa = PBXBuildFile; fileRef = E0E99B0C26A9166B00A4F3B1 /* FilterRouter.swift */; };
		E0E99B1326A9166B00A4F3B1 /* FilterModels.swift in Sources */ = {isa = PBXBuildFile; fileRef = E0E99B0D26A9166B00A4F3B1 /* FilterModels.swift */; };
		E0E99B1426A9166B00A4F3B1 /* FilterViewController.swift in Sources */ = {isa = PBXBuildFile; fileRef = E0E99B0E26A9166B00A4F3B1 /* FilterViewController.swift */; };
		E0E99B1526A9166B00A4F3B1 /* FilterInteractor.swift in Sources */ = {isa = PBXBuildFile; fileRef = E0E99B0F26A9166B00A4F3B1 /* FilterInteractor.swift */; };
		E0E99B1C26A93CC900A4F3B1 /* SettingFormView.swift in Sources */ = {isa = PBXBuildFile; fileRef = E0E99B1B26A93CC900A4F3B1 /* SettingFormView.swift */; };
		E0E99B2226A943A100A4F3B1 /* OptionView.swift in Sources */ = {isa = PBXBuildFile; fileRef = E0E99B2126A943A100A4F3B1 /* OptionView.swift */; };
		E0E99B2626A9595800A4F3B1 /* FilterOption.swift in Sources */ = {isa = PBXBuildFile; fileRef = E0E99B2526A9595800A4F3B1 /* FilterOption.swift */; };
		E0E99B2A26AA58A900A4F3B1 /* CouponListSectionView.swift in Sources */ = {isa = PBXBuildFile; fileRef = E0E99B2926AA58A900A4F3B1 /* CouponListSectionView.swift */; };
		E0E99B2F26AA623400A4F3B1 /* BottomButtonSet.swift in Sources */ = {isa = PBXBuildFile; fileRef = E0E99B2E26AA623400A4F3B1 /* BottomButtonSet.swift */; };
		E0E99B4126AAA24B00A4F3B1 /* NotifinationName.swift in Sources */ = {isa = PBXBuildFile; fileRef = E0E99B4026AAA24B00A4F3B1 /* NotifinationName.swift */; };
		E0F3524B26A6DA2300A6F608 /* InputWithLabel.swift in Sources */ = {isa = PBXBuildFile; fileRef = E0F3524A26A6DA2300A6F608 /* InputWithLabel.swift */; };
		E0F4B08526AE5542007CDE9B /* SearchPresenter.swift in Sources */ = {isa = PBXBuildFile; fileRef = E0F4B07F26AE5541007CDE9B /* SearchPresenter.swift */; };
		E0F4B08626AE5542007CDE9B /* SearchWorker.swift in Sources */ = {isa = PBXBuildFile; fileRef = E0F4B08026AE5541007CDE9B /* SearchWorker.swift */; };
		E0F4B08726AE5542007CDE9B /* SearchRouter.swift in Sources */ = {isa = PBXBuildFile; fileRef = E0F4B08126AE5541007CDE9B /* SearchRouter.swift */; };
		E0F4B08826AE5542007CDE9B /* SearchModels.swift in Sources */ = {isa = PBXBuildFile; fileRef = E0F4B08226AE5541007CDE9B /* SearchModels.swift */; };
		E0F4B08926AE5542007CDE9B /* SearchViewController.swift in Sources */ = {isa = PBXBuildFile; fileRef = E0F4B08326AE5542007CDE9B /* SearchViewController.swift */; };
		E0F4B08A26AE5542007CDE9B /* SearchInteractor.swift in Sources */ = {isa = PBXBuildFile; fileRef = E0F4B08426AE5542007CDE9B /* SearchInteractor.swift */; };
		E0F4B08F26AE5DC9007CDE9B /* SearchCategoryCell.swift in Sources */ = {isa = PBXBuildFile; fileRef = E0F4B08E26AE5DC9007CDE9B /* SearchCategoryCell.swift */; };
		E0F4B09526AE8F0B007CDE9B /* ImageLoader.swift in Sources */ = {isa = PBXBuildFile; fileRef = E0F4B09426AE8F0B007CDE9B /* ImageLoader.swift */; };
		E0F4B09926AEACE9007CDE9B /* PhotoAssetLoader.swift in Sources */ = {isa = PBXBuildFile; fileRef = E0F4B09826AEACE9007CDE9B /* PhotoAssetLoader.swift */; };
/* End PBXBuildFile section */

/* Begin PBXContainerItemProxy section */
		E0BBB1C22637C55E00DC4553 /* PBXContainerItemProxy */ = {
			isa = PBXContainerItemProxy;
			containerPortal = E053B62D2604FC77005FAD51 /* Project object */;
			proxyType = 1;
			remoteGlobalIDString = E053B6342604FC77005FAD51;
			remoteInfo = ticonMoa;
		};
/* End PBXContainerItemProxy section */

/* Begin PBXFileReference section */
		E026F2122696DD7E00EF300C /* Button+Animation.swift */ = {isa = PBXFileReference; lastKnownFileType = sourcecode.swift; path = "Button+Animation.swift"; sourceTree = "<group>"; };
		E026F2272696EE4000EF300C /* CouponAddPresenter.swift */ = {isa = PBXFileReference; lastKnownFileType = sourcecode.swift; path = CouponAddPresenter.swift; sourceTree = "<group>"; };
		E026F2282696EE4000EF300C /* CouponAddWorker.swift */ = {isa = PBXFileReference; lastKnownFileType = sourcecode.swift; path = CouponAddWorker.swift; sourceTree = "<group>"; };
		E026F2292696EE4000EF300C /* CouponAddRouter.swift */ = {isa = PBXFileReference; lastKnownFileType = sourcecode.swift; path = CouponAddRouter.swift; sourceTree = "<group>"; };
		E026F22A2696EE4000EF300C /* CouponAddModels.swift */ = {isa = PBXFileReference; lastKnownFileType = sourcecode.swift; path = CouponAddModels.swift; sourceTree = "<group>"; };
		E026F22B2696EE4000EF300C /* CouponAddViewController.swift */ = {isa = PBXFileReference; lastKnownFileType = sourcecode.swift; path = CouponAddViewController.swift; sourceTree = "<group>"; };
		E026F22C2696EE4000EF300C /* CouponAddInteractor.swift */ = {isa = PBXFileReference; lastKnownFileType = sourcecode.swift; path = CouponAddInteractor.swift; sourceTree = "<group>"; };
		E026F23E26971B5100EF300C /* PhotoCell.swift */ = {isa = PBXFileReference; lastKnownFileType = sourcecode.swift; path = PhotoCell.swift; sourceTree = "<group>"; };
		E026F2452697D91E00EF300C /* CouponAddHeader.swift */ = {isa = PBXFileReference; lastKnownFileType = sourcecode.swift; path = CouponAddHeader.swift; sourceTree = "<group>"; };
		E026F24E269814B500EF300C /* CouponScanPresenter.swift */ = {isa = PBXFileReference; lastKnownFileType = sourcecode.swift; path = CouponScanPresenter.swift; sourceTree = "<group>"; };
		E026F24F269814B500EF300C /* CouponScanWorker.swift */ = {isa = PBXFileReference; lastKnownFileType = sourcecode.swift; path = CouponScanWorker.swift; sourceTree = "<group>"; };
		E026F250269814B500EF300C /* CouponScanRouter.swift */ = {isa = PBXFileReference; lastKnownFileType = sourcecode.swift; path = CouponScanRouter.swift; sourceTree = "<group>"; };
		E026F251269814B500EF300C /* CouponScanModels.swift */ = {isa = PBXFileReference; lastKnownFileType = sourcecode.swift; path = CouponScanModels.swift; sourceTree = "<group>"; };
		E026F252269814B500EF300C /* CouponScanViewController.swift */ = {isa = PBXFileReference; lastKnownFileType = sourcecode.swift; path = CouponScanViewController.swift; sourceTree = "<group>"; };
		E026F253269814B500EF300C /* CouponScanInteractor.swift */ = {isa = PBXFileReference; lastKnownFileType = sourcecode.swift; path = CouponScanInteractor.swift; sourceTree = "<group>"; };
		E026F2C9269BD7B400EF300C /* ManagedCoupon+CoreDataClass.swift */ = {isa = PBXFileReference; fileEncoding = 4; lastKnownFileType = sourcecode.swift; path = "ManagedCoupon+CoreDataClass.swift"; sourceTree = "<group>"; };
		E026F2CA269BD7B400EF300C /* ManagedCoupon+CoreDataProperties.swift */ = {isa = PBXFileReference; fileEncoding = 4; lastKnownFileType = sourcecode.swift; path = "ManagedCoupon+CoreDataProperties.swift"; sourceTree = "<group>"; };
		E02F08552696787A0092B05A /* CouponListPresenter.swift */ = {isa = PBXFileReference; lastKnownFileType = sourcecode.swift; path = CouponListPresenter.swift; sourceTree = "<group>"; };
		E02F08562696787A0092B05A /* CouponListWorker.swift */ = {isa = PBXFileReference; lastKnownFileType = sourcecode.swift; path = CouponListWorker.swift; sourceTree = "<group>"; };
		E02F08572696787A0092B05A /* CouponListRouter.swift */ = {isa = PBXFileReference; lastKnownFileType = sourcecode.swift; path = CouponListRouter.swift; sourceTree = "<group>"; };
		E02F08582696787A0092B05A /* CouponListModels.swift */ = {isa = PBXFileReference; lastKnownFileType = sourcecode.swift; path = CouponListModels.swift; sourceTree = "<group>"; };
		E02F08592696787A0092B05A /* CouponListViewController.swift */ = {isa = PBXFileReference; lastKnownFileType = sourcecode.swift; path = CouponListViewController.swift; sourceTree = "<group>"; };
		E02F085A2696787A0092B05A /* CouponListInteractor.swift */ = {isa = PBXFileReference; lastKnownFileType = sourcecode.swift; path = CouponListInteractor.swift; sourceTree = "<group>"; };
		E02F0868269686000092B05A /* CouponListCell.swift */ = {isa = PBXFileReference; lastKnownFileType = sourcecode.swift; path = CouponListCell.swift; sourceTree = "<group>"; };
		E02F08722696B7690092B05A /* CouponListHeader.swift */ = {isa = PBXFileReference; lastKnownFileType = sourcecode.swift; path = CouponListHeader.swift; sourceTree = "<group>"; };
		E02F08762696C04B0092B05A /* IconButton.swift */ = {isa = PBXFileReference; lastKnownFileType = sourcecode.swift; path = IconButton.swift; sourceTree = "<group>"; };
		E0364FF12623E007006D243E /* ImagePreProccessor.swift */ = {isa = PBXFileReference; lastKnownFileType = sourcecode.swift; path = ImagePreProccessor.swift; sourceTree = "<group>"; };
		E0364FF42623EA97006D243E /* TextRecognitionWrapper(deprecated).swift */ = {isa = PBXFileReference; lastKnownFileType = sourcecode.swift; path = "TextRecognitionWrapper(deprecated).swift"; sourceTree = "<group>"; };
		E03A51BA26AFA38A00312090 /* SearchResultPresenter.swift */ = {isa = PBXFileReference; lastKnownFileType = sourcecode.swift; path = SearchResultPresenter.swift; sourceTree = "<group>"; };
		E03A51BB26AFA38A00312090 /* SearchResultWorker.swift */ = {isa = PBXFileReference; lastKnownFileType = sourcecode.swift; path = SearchResultWorker.swift; sourceTree = "<group>"; };
		E03A51BC26AFA38A00312090 /* SearchResultRouter.swift */ = {isa = PBXFileReference; lastKnownFileType = sourcecode.swift; path = SearchResultRouter.swift; sourceTree = "<group>"; };
		E03A51BD26AFA38A00312090 /* SearchResultModels.swift */ = {isa = PBXFileReference; lastKnownFileType = sourcecode.swift; path = SearchResultModels.swift; sourceTree = "<group>"; };
		E03A51BE26AFA38A00312090 /* SearchResultViewController.swift */ = {isa = PBXFileReference; lastKnownFileType = sourcecode.swift; path = SearchResultViewController.swift; sourceTree = "<group>"; };
		E03A51BF26AFA38A00312090 /* SearchResultInteractor.swift */ = {isa = PBXFileReference; lastKnownFileType = sourcecode.swift; path = SearchResultInteractor.swift; sourceTree = "<group>"; };
		E03A51CD26AFB87000312090 /* ViewModelCoupon.swift */ = {isa = PBXFileReference; lastKnownFileType = sourcecode.swift; path = ViewModelCoupon.swift; sourceTree = "<group>"; };
		E03A51D426AFBEA900312090 /* SearchResultHeader.swift */ = {isa = PBXFileReference; lastKnownFileType = sourcecode.swift; path = SearchResultHeader.swift; sourceTree = "<group>"; };
		E04723BA26A59D0200706684 /* PhotoScanInputForm.swift */ = {isa = PBXFileReference; lastKnownFileType = sourcecode.swift; path = PhotoScanInputForm.swift; sourceTree = "<group>"; };
		E053B6352604FC77005FAD51 /* ticonMoa.app */ = {isa = PBXFileReference; explicitFileType = wrapper.application; includeInIndex = 0; path = ticonMoa.app; sourceTree = BUILT_PRODUCTS_DIR; };
		E053B6382604FC77005FAD51 /* AppDelegate.swift */ = {isa = PBXFileReference; lastKnownFileType = sourcecode.swift; path = AppDelegate.swift; sourceTree = "<group>"; };
		E053B63A2604FC77005FAD51 /* SceneDelegate.swift */ = {isa = PBXFileReference; lastKnownFileType = sourcecode.swift; path = SceneDelegate.swift; sourceTree = "<group>"; };
		E053B63F2604FC77005FAD51 /* Base */ = {isa = PBXFileReference; lastKnownFileType = file.storyboard; name = Base; path = Base.lproj/Main.storyboard; sourceTree = "<group>"; };
		E053B6412604FC79005FAD51 /* Assets.xcassets */ = {isa = PBXFileReference; lastKnownFileType = folder.assetcatalog; path = Assets.xcassets; sourceTree = "<group>"; };
		E053B6442604FC79005FAD51 /* Base */ = {isa = PBXFileReference; lastKnownFileType = file.storyboard; name = Base; path = Base.lproj/LaunchScreen.storyboard; sourceTree = "<group>"; };
		E053B6462604FC79005FAD51 /* Info.plist */ = {isa = PBXFileReference; lastKnownFileType = text.plist.xml; path = Info.plist; sourceTree = "<group>"; };
		E07BFC7226B1357D001EEBB9 /* GoogleService-Info.plist */ = {isa = PBXFileReference; fileEncoding = 4; lastKnownFileType = text.plist.xml; name = "GoogleService-Info.plist"; path = "../../../../AppResource/GoogleService-Info.plist"; sourceTree = "<group>"; };
		E07BFC7926B138ED001EEBB9 /* tessdata */ = {isa = PBXFileReference; lastKnownFileType = folder; name = tessdata; path = ../../../../tessdata; sourceTree = "<group>"; };
		E098DF8B26A7D6C0005B77C7 /* String+Date.swift */ = {isa = PBXFileReference; lastKnownFileType = sourcecode.swift; path = "String+Date.swift"; sourceTree = "<group>"; };
		E098DF9526A80771005B77C7 /* CouponDetailPresenter.swift */ = {isa = PBXFileReference; lastKnownFileType = sourcecode.swift; path = CouponDetailPresenter.swift; sourceTree = "<group>"; };
		E098DF9626A80771005B77C7 /* CouponDetailWorker.swift */ = {isa = PBXFileReference; lastKnownFileType = sourcecode.swift; path = CouponDetailWorker.swift; sourceTree = "<group>"; };
		E098DF9726A80771005B77C7 /* CouponDetailRouter.swift */ = {isa = PBXFileReference; lastKnownFileType = sourcecode.swift; path = CouponDetailRouter.swift; sourceTree = "<group>"; };
		E098DF9826A80771005B77C7 /* CouponDetailModels.swift */ = {isa = PBXFileReference; lastKnownFileType = sourcecode.swift; path = CouponDetailModels.swift; sourceTree = "<group>"; };
		E098DF9926A80771005B77C7 /* CouponDetailViewController.swift */ = {isa = PBXFileReference; lastKnownFileType = sourcecode.swift; path = CouponDetailViewController.swift; sourceTree = "<group>"; };
		E098DF9A26A80771005B77C7 /* CouponDetailInteractor.swift */ = {isa = PBXFileReference; lastKnownFileType = sourcecode.swift; path = CouponDetailInteractor.swift; sourceTree = "<group>"; };
		E0AB9A172642CC2500F11602 /* Coupon.swift */ = {isa = PBXFileReference; lastKnownFileType = sourcecode.swift; path = Coupon.swift; sourceTree = "<group>"; };
		E0AB9A1B2642CC2A00F11602 /* Category.swift */ = {isa = PBXFileReference; lastKnownFileType = sourcecode.swift; path = Category.swift; sourceTree = "<group>"; };
		E0AE480426131D5C00BEC498 /* MainTabBarController.swift */ = {isa = PBXFileReference; lastKnownFileType = sourcecode.swift; path = MainTabBarController.swift; sourceTree = "<group>"; };
		E0AE480726131DF600BEC498 /* RoundTabBarView.swift */ = {isa = PBXFileReference; lastKnownFileType = sourcecode.swift; path = RoundTabBarView.swift; sourceTree = "<group>"; };
		E0AE483226145A8200BEC498 /* String+widthHeight.swift */ = {isa = PBXFileReference; lastKnownFileType = sourcecode.swift; path = "String+widthHeight.swift"; sourceTree = "<group>"; };
		E0B4555026A133770044E0E3 /* InputFieldView.swift */ = {isa = PBXFileReference; lastKnownFileType = sourcecode.swift; path = InputFieldView.swift; sourceTree = "<group>"; };
		E0B4555426A1505E0044E0E3 /* CouponScanHeader.swift */ = {isa = PBXFileReference; lastKnownFileType = sourcecode.swift; path = CouponScanHeader.swift; sourceTree = "<group>"; };
		E0B4555826A152910044E0E3 /* ViewController + Alert.swift */ = {isa = PBXFileReference; lastKnownFileType = sourcecode.swift; path = "ViewController + Alert.swift"; sourceTree = "<group>"; };
		E0B653B7260C497B007C402F /* PhotoManager.swift */ = {isa = PBXFileReference; lastKnownFileType = sourcecode.swift; path = PhotoManager.swift; sourceTree = "<group>"; };
		E0B653BA260C5833007C402F /* BarcodeRequestWrapper.swift */ = {isa = PBXFileReference; lastKnownFileType = sourcecode.swift; path = BarcodeRequestWrapper.swift; sourceTree = "<group>"; };
		E0BBA53B26B102E600BF12A8 /* ProfilePresenter.swift */ = {isa = PBXFileReference; lastKnownFileType = sourcecode.swift; path = ProfilePresenter.swift; sourceTree = "<group>"; };
		E0BBA53C26B102E600BF12A8 /* ProfileWorker.swift */ = {isa = PBXFileReference; lastKnownFileType = sourcecode.swift; path = ProfileWorker.swift; sourceTree = "<group>"; };
		E0BBA53D26B102E600BF12A8 /* ProfileRouter.swift */ = {isa = PBXFileReference; lastKnownFileType = sourcecode.swift; path = ProfileRouter.swift; sourceTree = "<group>"; };
		E0BBA53E26B102E600BF12A8 /* ProfileModels.swift */ = {isa = PBXFileReference; lastKnownFileType = sourcecode.swift; path = ProfileModels.swift; sourceTree = "<group>"; };
		E0BBA53F26B102E600BF12A8 /* ProfileViewController.swift */ = {isa = PBXFileReference; lastKnownFileType = sourcecode.swift; path = ProfileViewController.swift; sourceTree = "<group>"; };
		E0BBA54026B102E600BF12A8 /* ProfileInteractor.swift */ = {isa = PBXFileReference; lastKnownFileType = sourcecode.swift; path = ProfileInteractor.swift; sourceTree = "<group>"; };
		E0BBA55626B129B600BF12A8 /* ProfileCell.swift */ = {isa = PBXFileReference; lastKnownFileType = sourcecode.swift; path = ProfileCell.swift; sourceTree = "<group>"; };
		E0BBB1B226378ADE00DC4553 /* PhotoCluster.swift */ = {isa = PBXFileReference; lastKnownFileType = sourcecode.swift; path = PhotoCluster.swift; sourceTree = "<group>"; };
		E0BBB1BD2637C55E00DC4553 /* ticonMoaTests.xctest */ = {isa = PBXFileReference; explicitFileType = wrapper.cfbundle; includeInIndex = 0; path = ticonMoaTests.xctest; sourceTree = BUILT_PRODUCTS_DIR; };
		E0BBB1BF2637C55E00DC4553 /* ticonMoaTests.swift */ = {isa = PBXFileReference; lastKnownFileType = sourcecode.swift; path = ticonMoaTests.swift; sourceTree = "<group>"; };
		E0BBB1C12637C55E00DC4553 /* Info.plist */ = {isa = PBXFileReference; lastKnownFileType = text.plist.xml; path = Info.plist; sourceTree = "<group>"; };
		E0BBB2072638EB6A00DC4553 /* DateRecognizer.swift */ = {isa = PBXFileReference; lastKnownFileType = sourcecode.swift; path = DateRecognizer.swift; sourceTree = "<group>"; };
		E0BBB20E2638F70200DC4553 /* Date+toString.swift */ = {isa = PBXFileReference; lastKnownFileType = sourcecode.swift; path = "Date+toString.swift"; sourceTree = "<group>"; };
		E0BBB2152638F72600DC4553 /* BrandRecognizer.swift */ = {isa = PBXFileReference; lastKnownFileType = sourcecode.swift; path = BrandRecognizer.swift; sourceTree = "<group>"; };
		E0BDEB6726491E8100228762 /* OCRManager.swift */ = {isa = PBXFileReference; lastKnownFileType = sourcecode.swift; path = OCRManager.swift; sourceTree = "<group>"; };
		E0BDEB6D264939F700228762 /* TessearctEngine.swift */ = {isa = PBXFileReference; lastKnownFileType = sourcecode.swift; path = TessearctEngine.swift; sourceTree = "<group>"; };
		E0BDEB7B2649476F00228762 /* NameRecognizer.swift */ = {isa = PBXFileReference; lastKnownFileType = sourcecode.swift; path = NameRecognizer.swift; sourceTree = "<group>"; };
		E0BDEB8426494C7600228762 /* Array+subscript.swift */ = {isa = PBXFileReference; lastKnownFileType = sourcecode.swift; path = "Array+subscript.swift"; sourceTree = "<group>"; };
		E0BDEB8E264A4EBC00228762 /* ExpandButton.swift */ = {isa = PBXFileReference; lastKnownFileType = sourcecode.swift; path = ExpandButton.swift; sourceTree = "<group>"; };
		E0BDEB97264A837900228762 /* TiconMoaModel.xcdatamodel */ = {isa = PBXFileReference; lastKnownFileType = wrapper.xcdatamodel; path = TiconMoaModel.xcdatamodel; sourceTree = "<group>"; };
		E0BDEBB0264A89AC00228762 /* CoreDataManager.swift */ = {isa = PBXFileReference; lastKnownFileType = sourcecode.swift; path = CoreDataManager.swift; sourceTree = "<group>"; };
		E0BDEBBA264AB3CC00228762 /* ImageManager.swift */ = {isa = PBXFileReference; lastKnownFileType = sourcecode.swift; path = ImageManager.swift; sourceTree = "<group>"; };
		E0BDEBBE264AE44800228762 /* FeedBackButton.swift */ = {isa = PBXFileReference; lastKnownFileType = sourcecode.swift; path = FeedBackButton.swift; sourceTree = "<group>"; };
		E0E99B0A26A9166B00A4F3B1 /* FilterPresenter.swift */ = {isa = PBXFileReference; lastKnownFileType = sourcecode.swift; path = FilterPresenter.swift; sourceTree = "<group>"; };
		E0E99B0B26A9166B00A4F3B1 /* FilterWorker.swift */ = {isa = PBXFileReference; lastKnownFileType = sourcecode.swift; path = FilterWorker.swift; sourceTree = "<group>"; };
		E0E99B0C26A9166B00A4F3B1 /* FilterRouter.swift */ = {isa = PBXFileReference; lastKnownFileType = sourcecode.swift; path = FilterRouter.swift; sourceTree = "<group>"; };
		E0E99B0D26A9166B00A4F3B1 /* FilterModels.swift */ = {isa = PBXFileReference; lastKnownFileType = sourcecode.swift; path = FilterModels.swift; sourceTree = "<group>"; };
		E0E99B0E26A9166B00A4F3B1 /* FilterViewController.swift */ = {isa = PBXFileReference; lastKnownFileType = sourcecode.swift; path = FilterViewController.swift; sourceTree = "<group>"; };
		E0E99B0F26A9166B00A4F3B1 /* FilterInteractor.swift */ = {isa = PBXFileReference; lastKnownFileType = sourcecode.swift; path = FilterInteractor.swift; sourceTree = "<group>"; };
		E0E99B1B26A93CC900A4F3B1 /* SettingFormView.swift */ = {isa = PBXFileReference; lastKnownFileType = sourcecode.swift; path = SettingFormView.swift; sourceTree = "<group>"; };
		E0E99B2126A943A100A4F3B1 /* OptionView.swift */ = {isa = PBXFileReference; lastKnownFileType = sourcecode.swift; path = OptionView.swift; sourceTree = "<group>"; };
		E0E99B2526A9595800A4F3B1 /* FilterOption.swift */ = {isa = PBXFileReference; lastKnownFileType = sourcecode.swift; path = FilterOption.swift; sourceTree = "<group>"; };
		E0E99B2926AA58A900A4F3B1 /* CouponListSectionView.swift */ = {isa = PBXFileReference; lastKnownFileType = sourcecode.swift; path = CouponListSectionView.swift; sourceTree = "<group>"; };
		E0E99B2E26AA623400A4F3B1 /* BottomButtonSet.swift */ = {isa = PBXFileReference; lastKnownFileType = sourcecode.swift; path = BottomButtonSet.swift; sourceTree = "<group>"; };
		E0E99B4026AAA24B00A4F3B1 /* NotifinationName.swift */ = {isa = PBXFileReference; lastKnownFileType = sourcecode.swift; path = NotifinationName.swift; sourceTree = "<group>"; };
		E0F3524A26A6DA2300A6F608 /* InputWithLabel.swift */ = {isa = PBXFileReference; lastKnownFileType = sourcecode.swift; path = InputWithLabel.swift; sourceTree = "<group>"; };
		E0F4B07F26AE5541007CDE9B /* SearchPresenter.swift */ = {isa = PBXFileReference; lastKnownFileType = sourcecode.swift; path = SearchPresenter.swift; sourceTree = "<group>"; };
		E0F4B08026AE5541007CDE9B /* SearchWorker.swift */ = {isa = PBXFileReference; lastKnownFileType = sourcecode.swift; path = SearchWorker.swift; sourceTree = "<group>"; };
		E0F4B08126AE5541007CDE9B /* SearchRouter.swift */ = {isa = PBXFileReference; lastKnownFileType = sourcecode.swift; path = SearchRouter.swift; sourceTree = "<group>"; };
		E0F4B08226AE5541007CDE9B /* SearchModels.swift */ = {isa = PBXFileReference; lastKnownFileType = sourcecode.swift; path = SearchModels.swift; sourceTree = "<group>"; };
		E0F4B08326AE5542007CDE9B /* SearchViewController.swift */ = {isa = PBXFileReference; lastKnownFileType = sourcecode.swift; path = SearchViewController.swift; sourceTree = "<group>"; };
		E0F4B08426AE5542007CDE9B /* SearchInteractor.swift */ = {isa = PBXFileReference; lastKnownFileType = sourcecode.swift; path = SearchInteractor.swift; sourceTree = "<group>"; };
		E0F4B08E26AE5DC9007CDE9B /* SearchCategoryCell.swift */ = {isa = PBXFileReference; lastKnownFileType = sourcecode.swift; path = SearchCategoryCell.swift; sourceTree = "<group>"; };
		E0F4B09426AE8F0B007CDE9B /* ImageLoader.swift */ = {isa = PBXFileReference; lastKnownFileType = sourcecode.swift; path = ImageLoader.swift; sourceTree = "<group>"; };
		E0F4B09826AEACE9007CDE9B /* PhotoAssetLoader.swift */ = {isa = PBXFileReference; lastKnownFileType = sourcecode.swift; path = PhotoAssetLoader.swift; sourceTree = "<group>"; };
/* End PBXFileReference section */

/* Begin PBXFrameworksBuildPhase section */
		E053B6322604FC77005FAD51 /* Frameworks */ = {
			isa = PBXFrameworksBuildPhase;
			buildActionMask = 2147483647;
			files = (
				E02F086526967B1D0092B05A /* SnapKit in Frameworks */,
				E0AB99E626421B9600F11602 /* SwiftyTesseract in Frameworks */,
				E026F1F92696D1E400EF300C /* RxCocoa in Frameworks */,
				E026F1F72696D1E400EF300C /* RxSwift in Frameworks */,
			);
			runOnlyForDeploymentPostprocessing = 0;
		};
		E0BBB1BA2637C55E00DC4553 /* Frameworks */ = {
			isa = PBXFrameworksBuildPhase;
			buildActionMask = 2147483647;
			files = (
			);
			runOnlyForDeploymentPostprocessing = 0;
		};
/* End PBXFrameworksBuildPhase section */

/* Begin PBXGroup section */
		E02027D92628622400AD7230 /* SearchScene */ = {
			isa = PBXGroup;
			children = (
				E0F4B08D26AE5DAC007CDE9B /* View */,
				E0F4B07F26AE5541007CDE9B /* SearchPresenter.swift */,
				E0F4B08026AE5541007CDE9B /* SearchWorker.swift */,
				E0F4B08126AE5541007CDE9B /* SearchRouter.swift */,
				E0F4B08226AE5541007CDE9B /* SearchModels.swift */,
				E0F4B08326AE5542007CDE9B /* SearchViewController.swift */,
				E0F4B08426AE5542007CDE9B /* SearchInteractor.swift */,
			);
			path = SearchScene;
			sourceTree = "<group>";
		};
		E02027DA2628623800AD7230 /* ProfileScene */ = {
			isa = PBXGroup;
			children = (
				E0BBA55A26B129CC00BF12A8 /* View */,
				E0BBA53B26B102E600BF12A8 /* ProfilePresenter.swift */,
				E0BBA53C26B102E600BF12A8 /* ProfileWorker.swift */,
				E0BBA53D26B102E600BF12A8 /* ProfileRouter.swift */,
				E0BBA53E26B102E600BF12A8 /* ProfileModels.swift */,
				E0BBA53F26B102E600BF12A8 /* ProfileViewController.swift */,
				E0BBA54026B102E600BF12A8 /* ProfileInteractor.swift */,
			);
			path = ProfileScene;
			sourceTree = "<group>";
		};
		E02027DB2628626900AD7230 /* TabBar */ = {
			isa = PBXGroup;
			children = (
				E0AE480426131D5C00BEC498 /* MainTabBarController.swift */,
				E0AE480726131DF600BEC498 /* RoundTabBarView.swift */,
			);
			path = TabBar;
			sourceTree = "<group>";
		};
		E026F2262696EE3100EF300C /* CouponAddScene */ = {
			isa = PBXGroup;
			children = (
				E026F2492697DAD800EF300C /* View */,
				E026F2272696EE4000EF300C /* CouponAddPresenter.swift */,
				E026F2282696EE4000EF300C /* CouponAddWorker.swift */,
				E026F2292696EE4000EF300C /* CouponAddRouter.swift */,
				E026F22A2696EE4000EF300C /* CouponAddModels.swift */,
				E026F22B2696EE4000EF300C /* CouponAddViewController.swift */,
				E026F22C2696EE4000EF300C /* CouponAddInteractor.swift */,
			);
			path = CouponAddScene;
			sourceTree = "<group>";
		};
		E026F239269719C200EF300C /* Photo */ = {
			isa = PBXGroup;
			children = (
				E0BDEBBA264AB3CC00228762 /* ImageManager.swift */,
				E0B653B7260C497B007C402F /* PhotoManager.swift */,
				E0BBB1B226378ADE00DC4553 /* PhotoCluster.swift */,
				E0F4B09426AE8F0B007CDE9B /* ImageLoader.swift */,
				E0F4B09826AEACE9007CDE9B /* PhotoAssetLoader.swift */,
			);
			path = Photo;
			sourceTree = "<group>";
		};
		E026F2492697DAD800EF300C /* View */ = {
			isa = PBXGroup;
			children = (
				E026F23E26971B5100EF300C /* PhotoCell.swift */,
				E026F2452697D91E00EF300C /* CouponAddHeader.swift */,
			);
			path = View;
			sourceTree = "<group>";
		};
		E026F25C269814BD00EF300C /* CouponScanScene */ = {
			isa = PBXGroup;
			children = (
				E0B4554F26A1335E0044E0E3 /* View */,
				E026F24E269814B500EF300C /* CouponScanPresenter.swift */,
				E026F24F269814B500EF300C /* CouponScanWorker.swift */,
				E026F250269814B500EF300C /* CouponScanRouter.swift */,
				E026F251269814B500EF300C /* CouponScanModels.swift */,
				E026F252269814B500EF300C /* CouponScanViewController.swift */,
				E026F253269814B500EF300C /* CouponScanInteractor.swift */,
			);
			path = CouponScanScene;
			sourceTree = "<group>";
		};
		E02F082726966FA90092B05A /* Scenes */ = {
			isa = PBXGroup;
			children = (
				E02027DB2628626900AD7230 /* TabBar */,
				E0AB9A1F2642CDAD00F11602 /* CouponListScene */,
				E026F2262696EE3100EF300C /* CouponAddScene */,
				E026F25C269814BD00EF300C /* CouponScanScene */,
				E0C3CFA3263FF78200483A91 /* CounponDetailScene */,
				E0E99B0926A9165A00A4F3B1 /* FilterScene */,
				E02027D92628622400AD7230 /* SearchScene */,
				E03A51C826AFA39100312090 /* SearchResult */,
				E02027DA2628623800AD7230 /* ProfileScene */,
			);
			path = Scenes;
			sourceTree = "<group>";
		};
		E02F082A269670430092B05A /* Models */ = {
			isa = PBXGroup;
			children = (
				E0364FF12623E007006D243E /* ImagePreProccessor.swift */,
				E03A51CD26AFB87000312090 /* ViewModelCoupon.swift */,
				E0AB9A172642CC2500F11602 /* Coupon.swift */,
				E0AB9A1B2642CC2A00F11602 /* Category.swift */,
				E0E99B2526A9595800A4F3B1 /* FilterOption.swift */,
			);
			path = Models;
			sourceTree = "<group>";
		};
		E02F082B2696704C0092B05A /* Services */ = {
			isa = PBXGroup;
			children = (
				E026F239269719C200EF300C /* Photo */,
				E0BDEB9B264A840500228762 /* CoreData */,
				E0BDEB6626491E0700228762 /* OCR */,
			);
			path = Services;
			sourceTree = "<group>";
		};
		E02F087C2696C1160092B05A /* View */ = {
			isa = PBXGroup;
			children = (
				E02F0868269686000092B05A /* CouponListCell.swift */,
				E02F08722696B7690092B05A /* CouponListHeader.swift */,
				E02F08762696C04B0092B05A /* IconButton.swift */,
				E0E99B2926AA58A900A4F3B1 /* CouponListSectionView.swift */,
			);
			path = View;
			sourceTree = "<group>";
		};
		E03A51C826AFA39100312090 /* SearchResult */ = {
			isa = PBXGroup;
			children = (
				E03A51D326AFBE9A00312090 /* View */,
				E03A51BA26AFA38A00312090 /* SearchResultPresenter.swift */,
				E03A51BB26AFA38A00312090 /* SearchResultWorker.swift */,
				E03A51BC26AFA38A00312090 /* SearchResultRouter.swift */,
				E03A51BD26AFA38A00312090 /* SearchResultModels.swift */,
				E03A51BE26AFA38A00312090 /* SearchResultViewController.swift */,
				E03A51BF26AFA38A00312090 /* SearchResultInteractor.swift */,
			);
			path = SearchResult;
			sourceTree = "<group>";
		};
		E03A51D326AFBE9A00312090 /* View */ = {
			isa = PBXGroup;
			children = (
				E03A51D426AFBEA900312090 /* SearchResultHeader.swift */,
			);
			path = View;
			sourceTree = "<group>";
		};
		E053B62C2604FC77005FAD51 = {
			isa = PBXGroup;
			children = (
				E053B6372604FC77005FAD51 /* ticonMoa */,
				E0BBB1BE2637C55E00DC4553 /* ticonMoaTests */,
				E053B6362604FC77005FAD51 /* Products */,
			);
			sourceTree = "<group>";
		};
		E053B6362604FC77005FAD51 /* Products */ = {
			isa = PBXGroup;
			children = (
				E053B6352604FC77005FAD51 /* ticonMoa.app */,
				E0BBB1BD2637C55E00DC4553 /* ticonMoaTests.xctest */,
			);
			name = Products;
			sourceTree = "<group>";
		};
		E053B6372604FC77005FAD51 /* ticonMoa */ = {
			isa = PBXGroup;
			children = (
				E07BFC7926B138ED001EEBB9 /* tessdata */,
				E02F082A269670430092B05A /* Models */,
				E0BDEB8D264A4EAA00228762 /* View */,
				E02F082B2696704C0092B05A /* Services */,
				E02F082726966FA90092B05A /* Scenes */,
				E0AE480A2613222600BEC498 /* Extensions */,
				E053B6382604FC77005FAD51 /* AppDelegate.swift */,
				E053B63A2604FC77005FAD51 /* SceneDelegate.swift */,
				E053B63E2604FC77005FAD51 /* Main.storyboard */,
				E053B6412604FC79005FAD51 /* Assets.xcassets */,
				E07BFC7226B1357D001EEBB9 /* GoogleService-Info.plist */,
				E053B6432604FC79005FAD51 /* LaunchScreen.storyboard */,
				E053B6462604FC79005FAD51 /* Info.plist */,
			);
			path = ticonMoa;
			sourceTree = "<group>";
		};
		E0AB9A1F2642CDAD00F11602 /* CouponListScene */ = {
			isa = PBXGroup;
			children = (
				E02F087C2696C1160092B05A /* View */,
				E02F08552696787A0092B05A /* CouponListPresenter.swift */,
				E02F08562696787A0092B05A /* CouponListWorker.swift */,
				E02F08572696787A0092B05A /* CouponListRouter.swift */,
				E02F08582696787A0092B05A /* CouponListModels.swift */,
				E02F08592696787A0092B05A /* CouponListViewController.swift */,
				E02F085A2696787A0092B05A /* CouponListInteractor.swift */,
			);
			path = CouponListScene;
			sourceTree = "<group>";
		};
		E0AE480A2613222600BEC498 /* Extensions */ = {
			isa = PBXGroup;
			children = (
				E0AE483226145A8200BEC498 /* String+widthHeight.swift */,
				E098DF8B26A7D6C0005B77C7 /* String+Date.swift */,
				E0BBB20E2638F70200DC4553 /* Date+toString.swift */,
				E0BDEB8426494C7600228762 /* Array+subscript.swift */,
				E026F2122696DD7E00EF300C /* Button+Animation.swift */,
				E0B4555826A152910044E0E3 /* ViewController + Alert.swift */,
				E0E99B4026AAA24B00A4F3B1 /* NotifinationName.swift */,
			);
			path = Extensions;
			sourceTree = "<group>";
		};
		E0B4554F26A1335E0044E0E3 /* View */ = {
			isa = PBXGroup;
			children = (
				E0B4555026A133770044E0E3 /* InputFieldView.swift */,
				E0B4555426A1505E0044E0E3 /* CouponScanHeader.swift */,
				E04723BA26A59D0200706684 /* PhotoScanInputForm.swift */,
				E0F3524A26A6DA2300A6F608 /* InputWithLabel.swift */,
			);
			path = View;
			sourceTree = "<group>";
		};
		E0BBA55A26B129CC00BF12A8 /* View */ = {
			isa = PBXGroup;
			children = (
				E0BBA55626B129B600BF12A8 /* ProfileCell.swift */,
			);
			path = View;
			sourceTree = "<group>";
		};
		E0BBB1BE2637C55E00DC4553 /* ticonMoaTests */ = {
			isa = PBXGroup;
			children = (
				E0BBB1BF2637C55E00DC4553 /* ticonMoaTests.swift */,
				E0BBB1C12637C55E00DC4553 /* Info.plist */,
			);
			path = ticonMoaTests;
			sourceTree = "<group>";
		};
		E0BDEB6626491E0700228762 /* OCR */ = {
			isa = PBXGroup;
			children = (
				E0BDEB6726491E8100228762 /* OCRManager.swift */,
				E0364FF42623EA97006D243E /* TextRecognitionWrapper(deprecated).swift */,
				E0B653BA260C5833007C402F /* BarcodeRequestWrapper.swift */,
				E0BDEB6D264939F700228762 /* TessearctEngine.swift */,
				E0BBB2072638EB6A00DC4553 /* DateRecognizer.swift */,
				E0BBB2152638F72600DC4553 /* BrandRecognizer.swift */,
				E0BDEB7B2649476F00228762 /* NameRecognizer.swift */,
			);
			path = OCR;
			sourceTree = "<group>";
		};
		E0BDEB8D264A4EAA00228762 /* View */ = {
			isa = PBXGroup;
			children = (
				E0BDEB8E264A4EBC00228762 /* ExpandButton.swift */,
				E0BDEBBE264AE44800228762 /* FeedBackButton.swift */,
			);
			path = View;
			sourceTree = "<group>";
		};
		E0BDEB9B264A840500228762 /* CoreData */ = {
			isa = PBXGroup;
			children = (
				E026F2C9269BD7B400EF300C /* ManagedCoupon+CoreDataClass.swift */,
				E026F2CA269BD7B400EF300C /* ManagedCoupon+CoreDataProperties.swift */,
				E0BDEB96264A837900228762 /* TiconMoaModel.xcdatamodeld */,
				E0BDEBB0264A89AC00228762 /* CoreDataManager.swift */,
			);
			path = CoreData;
			sourceTree = "<group>";
		};
		E0C3CFA3263FF78200483A91 /* CounponDetailScene */ = {
			isa = PBXGroup;
			children = (
				E0E99B2D26AA621000A4F3B1 /* View */,
				E098DF9526A80771005B77C7 /* CouponDetailPresenter.swift */,
				E098DF9626A80771005B77C7 /* CouponDetailWorker.swift */,
				E098DF9726A80771005B77C7 /* CouponDetailRouter.swift */,
				E098DF9826A80771005B77C7 /* CouponDetailModels.swift */,
				E098DF9926A80771005B77C7 /* CouponDetailViewController.swift */,
				E098DF9A26A80771005B77C7 /* CouponDetailInteractor.swift */,
			);
			path = CounponDetailScene;
			sourceTree = "<group>";
		};
		E0E99B0926A9165A00A4F3B1 /* FilterScene */ = {
			isa = PBXGroup;
			children = (
				E0E99B1A26A93CB400A4F3B1 /* View */,
				E0E99B0A26A9166B00A4F3B1 /* FilterPresenter.swift */,
				E0E99B0B26A9166B00A4F3B1 /* FilterWorker.swift */,
				E0E99B0C26A9166B00A4F3B1 /* FilterRouter.swift */,
				E0E99B0D26A9166B00A4F3B1 /* FilterModels.swift */,
				E0E99B0E26A9166B00A4F3B1 /* FilterViewController.swift */,
				E0E99B0F26A9166B00A4F3B1 /* FilterInteractor.swift */,
			);
			path = FilterScene;
			sourceTree = "<group>";
		};
		E0E99B1A26A93CB400A4F3B1 /* View */ = {
			isa = PBXGroup;
			children = (
				E0E99B1B26A93CC900A4F3B1 /* SettingFormView.swift */,
				E0E99B2126A943A100A4F3B1 /* OptionView.swift */,
			);
			path = View;
			sourceTree = "<group>";
		};
		E0E99B2D26AA621000A4F3B1 /* View */ = {
			isa = PBXGroup;
			children = (
				E0E99B2E26AA623400A4F3B1 /* BottomButtonSet.swift */,
			);
			path = View;
			sourceTree = "<group>";
		};
		E0F4B08D26AE5DAC007CDE9B /* View */ = {
			isa = PBXGroup;
			children = (
				E0F4B08E26AE5DC9007CDE9B /* SearchCategoryCell.swift */,
			);
			path = View;
			sourceTree = "<group>";
		};
/* End PBXGroup section */

/* Begin PBXNativeTarget section */
		E053B6342604FC77005FAD51 /* ticonMoa */ = {
			isa = PBXNativeTarget;
			buildConfigurationList = E053B6492604FC79005FAD51 /* Build configuration list for PBXNativeTarget "ticonMoa" */;
			buildPhases = (
				E053B6312604FC77005FAD51 /* Sources */,
				E053B6322604FC77005FAD51 /* Frameworks */,
				E053B6332604FC77005FAD51 /* Resources */,
			);
			buildRules = (
			);
			dependencies = (
			);
			name = ticonMoa;
			packageProductDependencies = (
				E0AB99E526421B9600F11602 /* SwiftyTesseract */,
				E02F086426967B1D0092B05A /* SnapKit */,
				E026F1F62696D1E400EF300C /* RxSwift */,
				E026F1F82696D1E400EF300C /* RxCocoa */,
			);
			productName = ticonMoa;
			productReference = E053B6352604FC77005FAD51 /* ticonMoa.app */;
			productType = "com.apple.product-type.application";
		};
		E0BBB1BC2637C55E00DC4553 /* ticonMoaTests */ = {
			isa = PBXNativeTarget;
			buildConfigurationList = E0BBB1C62637C55E00DC4553 /* Build configuration list for PBXNativeTarget "ticonMoaTests" */;
			buildPhases = (
				E0BBB1B92637C55E00DC4553 /* Sources */,
				E0BBB1BA2637C55E00DC4553 /* Frameworks */,
				E0BBB1BB2637C55E00DC4553 /* Resources */,
			);
			buildRules = (
			);
			dependencies = (
				E0BBB1C32637C55E00DC4553 /* PBXTargetDependency */,
			);
			name = ticonMoaTests;
			productName = ticonMoaTests;
			productReference = E0BBB1BD2637C55E00DC4553 /* ticonMoaTests.xctest */;
			productType = "com.apple.product-type.bundle.unit-test";
		};
/* End PBXNativeTarget section */

/* Begin PBXProject section */
		E053B62D2604FC77005FAD51 /* Project object */ = {
			isa = PBXProject;
			attributes = {
				LastSwiftUpdateCheck = 1240;
				LastUpgradeCheck = 1240;
				ORGANIZATIONNAME = hoon;
				TargetAttributes = {
					E053B6342604FC77005FAD51 = {
						CreatedOnToolsVersion = 12.4;
					};
					E0BBB1BC2637C55E00DC4553 = {
						CreatedOnToolsVersion = 12.4;
						TestTargetID = E053B6342604FC77005FAD51;
					};
				};
			};
			buildConfigurationList = E053B6302604FC77005FAD51 /* Build configuration list for PBXProject "ticonMoa" */;
			compatibilityVersion = "Xcode 9.3";
			developmentRegion = en;
			hasScannedForEncodings = 0;
			knownRegions = (
				en,
				Base,
			);
			mainGroup = E053B62C2604FC77005FAD51;
			packageReferences = (
				E0AB99E426421B9600F11602 /* XCRemoteSwiftPackageReference "SwiftyTesseract" */,
				E02F086326967B1D0092B05A /* XCRemoteSwiftPackageReference "SnapKit" */,
				E026F1F52696D1E400EF300C /* XCRemoteSwiftPackageReference "RxSwift" */,
			);
			productRefGroup = E053B6362604FC77005FAD51 /* Products */;
			projectDirPath = "";
			projectRoot = "";
			targets = (
				E053B6342604FC77005FAD51 /* ticonMoa */,
				E0BBB1BC2637C55E00DC4553 /* ticonMoaTests */,
			);
		};
/* End PBXProject section */

/* Begin PBXResourcesBuildPhase section */
		E053B6332604FC77005FAD51 /* Resources */ = {
			isa = PBXResourcesBuildPhase;
			buildActionMask = 2147483647;
			files = (
				E053B6452604FC79005FAD51 /* LaunchScreen.storyboard in Resources */,
				E053B6422604FC79005FAD51 /* Assets.xcassets in Resources */,
				E07BFC7A26B138ED001EEBB9 /* tessdata in Resources */,
				E07BFC7326B1357D001EEBB9 /* GoogleService-Info.plist in Resources */,
				E053B6402604FC77005FAD51 /* Main.storyboard in Resources */,
			);
			runOnlyForDeploymentPostprocessing = 0;
		};
		E0BBB1BB2637C55E00DC4553 /* Resources */ = {
			isa = PBXResourcesBuildPhase;
			buildActionMask = 2147483647;
			files = (
			);
			runOnlyForDeploymentPostprocessing = 0;
		};
/* End PBXResourcesBuildPhase section */

/* Begin PBXSourcesBuildPhase section */
		E053B6312604FC77005FAD51 /* Sources */ = {
			isa = PBXSourcesBuildPhase;
			buildActionMask = 2147483647;
			files = (
				E026F258269814B500EF300C /* CouponScanViewController.swift in Sources */,
				E0BBA54226B102E600BF12A8 /* ProfileWorker.swift in Sources */,
				E0BBB1B326378ADE00DC4553 /* PhotoCluster.swift in Sources */,
				E0364FF52623EA97006D243E /* TextRecognitionWrapper(deprecated).swift in Sources */,
				E0E99B1326A9166B00A4F3B1 /* FilterModels.swift in Sources */,
				E04723BB26A59D0200706684 /* PhotoScanInputForm.swift in Sources */,
				E0BBA54526B102E600BF12A8 /* ProfileViewController.swift in Sources */,
				E02F08732696B7690092B05A /* CouponListHeader.swift in Sources */,
				E0E99B2F26AA623400A4F3B1 /* BottomButtonSet.swift in Sources */,
				E026F2132696DD7E00EF300C /* Button+Animation.swift in Sources */,
				E0BDEB98264A837900228762 /* TiconMoaModel.xcdatamodeld in Sources */,
				E0E99B2A26AA58A900A4F3B1 /* CouponListSectionView.swift in Sources */,
				E0F4B09926AEACE9007CDE9B /* PhotoAssetLoader.swift in Sources */,
				E0F4B08926AE5542007CDE9B /* SearchViewController.swift in Sources */,
				E0BDEB8526494C7600228762 /* Array+subscript.swift in Sources */,
				E02F08602696787A0092B05A /* CouponListInteractor.swift in Sources */,
				E0F4B08F26AE5DC9007CDE9B /* SearchCategoryCell.swift in Sources */,
				E0F4B08726AE5542007CDE9B /* SearchRouter.swift in Sources */,
				E0AB9A182642CC2500F11602 /* Coupon.swift in Sources */,
				E0E99B1226A9166B00A4F3B1 /* FilterRouter.swift in Sources */,
				E098DF9B26A80771005B77C7 /* CouponDetailPresenter.swift in Sources */,
				E0F4B08826AE5542007CDE9B /* SearchModels.swift in Sources */,
				E0B4555126A133770044E0E3 /* InputFieldView.swift in Sources */,
				E0AE480526131D5C00BEC498 /* MainTabBarController.swift in Sources */,
				E0F4B09526AE8F0B007CDE9B /* ImageLoader.swift in Sources */,
				E0B4555926A152910044E0E3 /* ViewController + Alert.swift in Sources */,
				E03A51C026AFA38A00312090 /* SearchResultPresenter.swift in Sources */,
				E053B6392604FC77005FAD51 /* AppDelegate.swift in Sources */,
				E0F4B08626AE5542007CDE9B /* SearchWorker.swift in Sources */,
				E02F08772696C04B0092B05A /* IconButton.swift in Sources */,
				E098DF9D26A80771005B77C7 /* CouponDetailRouter.swift in Sources */,
				E026F23F26971B5100EF300C /* PhotoCell.swift in Sources */,
				E0F3524B26A6DA2300A6F608 /* InputWithLabel.swift in Sources */,
				E02F085F2696787A0092B05A /* CouponListViewController.swift in Sources */,
				E026F257269814B500EF300C /* CouponScanModels.swift in Sources */,
				E0B4555526A1505E0044E0E3 /* CouponScanHeader.swift in Sources */,
				E0F4B08A26AE5542007CDE9B /* SearchInteractor.swift in Sources */,
				E026F2302696EE4000EF300C /* CouponAddModels.swift in Sources */,
				E0BDEB7C2649476F00228762 /* NameRecognizer.swift in Sources */,
				E026F2CC269BD7B400EF300C /* ManagedCoupon+CoreDataProperties.swift in Sources */,
				E026F259269814B500EF300C /* CouponScanInteractor.swift in Sources */,
				E026F255269814B500EF300C /* CouponScanWorker.swift in Sources */,
				E0BDEB6E264939F700228762 /* TessearctEngine.swift in Sources */,
				E0E99B1026A9166B00A4F3B1 /* FilterPresenter.swift in Sources */,
				E03A51C126AFA38A00312090 /* SearchResultWorker.swift in Sources */,
				E098DF8C26A7D6C0005B77C7 /* String+Date.swift in Sources */,
				E053B63B2604FC77005FAD51 /* SceneDelegate.swift in Sources */,
				E0BBA54326B102E600BF12A8 /* ProfileRouter.swift in Sources */,
				E03A51C226AFA38A00312090 /* SearchResultRouter.swift in Sources */,
				E0BBB2162638F72600DC4553 /* BrandRecognizer.swift in Sources */,
				E0E99B4126AAA24B00A4F3B1 /* NotifinationName.swift in Sources */,
				E026F22E2696EE4000EF300C /* CouponAddWorker.swift in Sources */,
				E0BDEBBB264AB3CC00228762 /* ImageManager.swift in Sources */,
				E02F085C2696787A0092B05A /* CouponListWorker.swift in Sources */,
				E02F085D2696787A0092B05A /* CouponListRouter.swift in Sources */,
				E0BBA55726B129B600BF12A8 /* ProfileCell.swift in Sources */,
				E02F0869269686000092B05A /* CouponListCell.swift in Sources */,
				E02F085E2696787A0092B05A /* CouponListModels.swift in Sources */,
				E026F256269814B500EF300C /* CouponScanRouter.swift in Sources */,
				E098DF9F26A80771005B77C7 /* CouponDetailViewController.swift in Sources */,
				E0BDEBBF264AE44800228762 /* FeedBackButton.swift in Sources */,
				E0E99B1C26A93CC900A4F3B1 /* SettingFormView.swift in Sources */,
				E026F22D2696EE4000EF300C /* CouponAddPresenter.swift in Sources */,
				E026F2CB269BD7B400EF300C /* ManagedCoupon+CoreDataClass.swift in Sources */,
				E03A51C326AFA38A00312090 /* SearchResultModels.swift in Sources */,
				E03A51C526AFA38A00312090 /* SearchResultInteractor.swift in Sources */,
				E03A51CE26AFB87000312090 /* ViewModelCoupon.swift in Sources */,
				E0E99B2626A9595800A4F3B1 /* FilterOption.swift in Sources */,
				E0BBB20F2638F70200DC4553 /* Date+toString.swift in Sources */,
				E0364FF22623E007006D243E /* ImagePreProccessor.swift in Sources */,
				E0BDEB8F264A4EBC00228762 /* ExpandButton.swift in Sources */,
				E098DF9C26A80771005B77C7 /* CouponDetailWorker.swift in Sources */,
				E02F085B2696787A0092B05A /* CouponListPresenter.swift in Sources */,
				E03A51D526AFBEA900312090 /* SearchResultHeader.swift in Sources */,
				E0BBA54126B102E600BF12A8 /* ProfilePresenter.swift in Sources */,
				E0E99B2226A943A100A4F3B1 /* OptionView.swift in Sources */,
				E0AE483326145A8200BEC498 /* String+widthHeight.swift in Sources */,
				E03A51C426AFA38A00312090 /* SearchResultViewController.swift in Sources */,
				E0B653B8260C497B007C402F /* PhotoManager.swift in Sources */,
				E0BBA54626B102E600BF12A8 /* ProfileInteractor.swift in Sources */,
				E0E99B1126A9166B00A4F3B1 /* FilterWorker.swift in Sources */,
				E0E99B1526A9166B00A4F3B1 /* FilterInteractor.swift in Sources */,
				E0BDEB6826491E8100228762 /* OCRManager.swift in Sources */,
				E0F4B08526AE5542007CDE9B /* SearchPresenter.swift in Sources */,
				E0E99B1426A9166B00A4F3B1 /* FilterViewController.swift in Sources */,
				E0B653BB260C5833007C402F /* BarcodeRequestWrapper.swift in Sources */,
				E026F2462697D91E00EF300C /* CouponAddHeader.swift in Sources */,
				E026F254269814B500EF300C /* CouponScanPresenter.swift in Sources */,
				E026F2322696EE4000EF300C /* CouponAddInteractor.swift in Sources */,
				E026F22F2696EE4000EF300C /* CouponAddRouter.swift in Sources */,
				E026F2312696EE4000EF300C /* CouponAddViewController.swift in Sources */,
				E0BBA54426B102E600BF12A8 /* ProfileModels.swift in Sources */,
				E098DFA026A80771005B77C7 /* CouponDetailInteractor.swift in Sources */,
				E098DF9E26A80771005B77C7 /* CouponDetailModels.swift in Sources */,
				E0AE480826131DF600BEC498 /* RoundTabBarView.swift in Sources */,
				E0BDEBB1264A89AC00228762 /* CoreDataManager.swift in Sources */,
				E0BBB2082638EB6A00DC4553 /* DateRecognizer.swift in Sources */,
				E0AB9A1C2642CC2A00F11602 /* Category.swift in Sources */,
			);
			runOnlyForDeploymentPostprocessing = 0;
		};
		E0BBB1B92637C55E00DC4553 /* Sources */ = {
			isa = PBXSourcesBuildPhase;
			buildActionMask = 2147483647;
			files = (
				E0BBB2122638F70600DC4553 /* Date+toString.swift in Sources */,
				E0BBB1C02637C55E00DC4553 /* ticonMoaTests.swift in Sources */,
			);
			runOnlyForDeploymentPostprocessing = 0;
		};
/* End PBXSourcesBuildPhase section */

/* Begin PBXTargetDependency section */
		E0BBB1C32637C55E00DC4553 /* PBXTargetDependency */ = {
			isa = PBXTargetDependency;
			target = E053B6342604FC77005FAD51 /* ticonMoa */;
			targetProxy = E0BBB1C22637C55E00DC4553 /* PBXContainerItemProxy */;
		};
/* End PBXTargetDependency section */

/* Begin PBXVariantGroup section */
		E053B63E2604FC77005FAD51 /* Main.storyboard */ = {
			isa = PBXVariantGroup;
			children = (
				E053B63F2604FC77005FAD51 /* Base */,
			);
			name = Main.storyboard;
			sourceTree = "<group>";
		};
		E053B6432604FC79005FAD51 /* LaunchScreen.storyboard */ = {
			isa = PBXVariantGroup;
			children = (
				E053B6442604FC79005FAD51 /* Base */,
			);
			name = LaunchScreen.storyboard;
			sourceTree = "<group>";
		};
/* End PBXVariantGroup section */

/* Begin XCBuildConfiguration section */
		E053B6472604FC79005FAD51 /* Debug */ = {
			isa = XCBuildConfiguration;
			buildSettings = {
				ALWAYS_SEARCH_USER_PATHS = NO;
				CLANG_ANALYZER_NONNULL = YES;
				CLANG_ANALYZER_NUMBER_OBJECT_CONVERSION = YES_AGGRESSIVE;
				CLANG_CXX_LANGUAGE_STANDARD = "gnu++14";
				CLANG_CXX_LIBRARY = "libc++";
				CLANG_ENABLE_MODULES = YES;
				CLANG_ENABLE_OBJC_ARC = YES;
				CLANG_ENABLE_OBJC_WEAK = YES;
				CLANG_WARN_BLOCK_CAPTURE_AUTORELEASING = YES;
				CLANG_WARN_BOOL_CONVERSION = YES;
				CLANG_WARN_COMMA = YES;
				CLANG_WARN_CONSTANT_CONVERSION = YES;
				CLANG_WARN_DEPRECATED_OBJC_IMPLEMENTATIONS = YES;
				CLANG_WARN_DIRECT_OBJC_ISA_USAGE = YES_ERROR;
				CLANG_WARN_DOCUMENTATION_COMMENTS = YES;
				CLANG_WARN_EMPTY_BODY = YES;
				CLANG_WARN_ENUM_CONVERSION = YES;
				CLANG_WARN_INFINITE_RECURSION = YES;
				CLANG_WARN_INT_CONVERSION = YES;
				CLANG_WARN_NON_LITERAL_NULL_CONVERSION = YES;
				CLANG_WARN_OBJC_IMPLICIT_RETAIN_SELF = YES;
				CLANG_WARN_OBJC_LITERAL_CONVERSION = YES;
				CLANG_WARN_OBJC_ROOT_CLASS = YES_ERROR;
				CLANG_WARN_QUOTED_INCLUDE_IN_FRAMEWORK_HEADER = YES;
				CLANG_WARN_RANGE_LOOP_ANALYSIS = YES;
				CLANG_WARN_STRICT_PROTOTYPES = YES;
				CLANG_WARN_SUSPICIOUS_MOVE = YES;
				CLANG_WARN_UNGUARDED_AVAILABILITY = YES_AGGRESSIVE;
				CLANG_WARN_UNREACHABLE_CODE = YES;
				CLANG_WARN__DUPLICATE_METHOD_MATCH = YES;
				COPY_PHASE_STRIP = NO;
				DEBUG_INFORMATION_FORMAT = dwarf;
				ENABLE_STRICT_OBJC_MSGSEND = YES;
				ENABLE_TESTABILITY = YES;
				GCC_C_LANGUAGE_STANDARD = gnu11;
				GCC_DYNAMIC_NO_PIC = NO;
				GCC_NO_COMMON_BLOCKS = YES;
				GCC_OPTIMIZATION_LEVEL = 0;
				GCC_PREPROCESSOR_DEFINITIONS = (
					"DEBUG=1",
					"$(inherited)",
				);
				GCC_WARN_64_TO_32_BIT_CONVERSION = YES;
				GCC_WARN_ABOUT_RETURN_TYPE = YES_ERROR;
				GCC_WARN_UNDECLARED_SELECTOR = YES;
				GCC_WARN_UNINITIALIZED_AUTOS = YES_AGGRESSIVE;
				GCC_WARN_UNUSED_FUNCTION = YES;
				GCC_WARN_UNUSED_VARIABLE = YES;
				IPHONEOS_DEPLOYMENT_TARGET = 13.0;
				MTL_ENABLE_DEBUG_INFO = INCLUDE_SOURCE;
				MTL_FAST_MATH = YES;
				ONLY_ACTIVE_ARCH = YES;
				SDKROOT = iphoneos;
				SWIFT_ACTIVE_COMPILATION_CONDITIONS = DEBUG;
				SWIFT_OPTIMIZATION_LEVEL = "-Onone";
			};
			name = Debug;
		};
		E053B6482604FC79005FAD51 /* Release */ = {
			isa = XCBuildConfiguration;
			buildSettings = {
				ALWAYS_SEARCH_USER_PATHS = NO;
				CLANG_ANALYZER_NONNULL = YES;
				CLANG_ANALYZER_NUMBER_OBJECT_CONVERSION = YES_AGGRESSIVE;
				CLANG_CXX_LANGUAGE_STANDARD = "gnu++14";
				CLANG_CXX_LIBRARY = "libc++";
				CLANG_ENABLE_MODULES = YES;
				CLANG_ENABLE_OBJC_ARC = YES;
				CLANG_ENABLE_OBJC_WEAK = YES;
				CLANG_WARN_BLOCK_CAPTURE_AUTORELEASING = YES;
				CLANG_WARN_BOOL_CONVERSION = YES;
				CLANG_WARN_COMMA = YES;
				CLANG_WARN_CONSTANT_CONVERSION = YES;
				CLANG_WARN_DEPRECATED_OBJC_IMPLEMENTATIONS = YES;
				CLANG_WARN_DIRECT_OBJC_ISA_USAGE = YES_ERROR;
				CLANG_WARN_DOCUMENTATION_COMMENTS = YES;
				CLANG_WARN_EMPTY_BODY = YES;
				CLANG_WARN_ENUM_CONVERSION = YES;
				CLANG_WARN_INFINITE_RECURSION = YES;
				CLANG_WARN_INT_CONVERSION = YES;
				CLANG_WARN_NON_LITERAL_NULL_CONVERSION = YES;
				CLANG_WARN_OBJC_IMPLICIT_RETAIN_SELF = YES;
				CLANG_WARN_OBJC_LITERAL_CONVERSION = YES;
				CLANG_WARN_OBJC_ROOT_CLASS = YES_ERROR;
				CLANG_WARN_QUOTED_INCLUDE_IN_FRAMEWORK_HEADER = YES;
				CLANG_WARN_RANGE_LOOP_ANALYSIS = YES;
				CLANG_WARN_STRICT_PROTOTYPES = YES;
				CLANG_WARN_SUSPICIOUS_MOVE = YES;
				CLANG_WARN_UNGUARDED_AVAILABILITY = YES_AGGRESSIVE;
				CLANG_WARN_UNREACHABLE_CODE = YES;
				CLANG_WARN__DUPLICATE_METHOD_MATCH = YES;
				COPY_PHASE_STRIP = NO;
				DEBUG_INFORMATION_FORMAT = "dwarf-with-dsym";
				ENABLE_NS_ASSERTIONS = NO;
				ENABLE_STRICT_OBJC_MSGSEND = YES;
				GCC_C_LANGUAGE_STANDARD = gnu11;
				GCC_NO_COMMON_BLOCKS = YES;
				GCC_WARN_64_TO_32_BIT_CONVERSION = YES;
				GCC_WARN_ABOUT_RETURN_TYPE = YES_ERROR;
				GCC_WARN_UNDECLARED_SELECTOR = YES;
				GCC_WARN_UNINITIALIZED_AUTOS = YES_AGGRESSIVE;
				GCC_WARN_UNUSED_FUNCTION = YES;
				GCC_WARN_UNUSED_VARIABLE = YES;
				IPHONEOS_DEPLOYMENT_TARGET = 13.0;
				MTL_ENABLE_DEBUG_INFO = NO;
				MTL_FAST_MATH = YES;
				SDKROOT = iphoneos;
				SWIFT_COMPILATION_MODE = wholemodule;
				SWIFT_OPTIMIZATION_LEVEL = "-O";
				VALIDATE_PRODUCT = YES;
			};
			name = Release;
		};
		E053B64A2604FC79005FAD51 /* Debug */ = {
			isa = XCBuildConfiguration;
			buildSettings = {
				ASSETCATALOG_COMPILER_APPICON_NAME = AppIcon;
				ASSETCATALOG_COMPILER_GLOBAL_ACCENT_COLOR_NAME = AccentColor;
				CODE_SIGN_STYLE = Automatic;
				DEVELOPMENT_TEAM = 7BP3494UVW;
				INFOPLIST_FILE = ticonMoa/Info.plist;
				IPHONEOS_DEPLOYMENT_TARGET = 13.0;
				LD_RUNPATH_SEARCH_PATHS = (
					"$(inherited)",
					"@executable_path/Frameworks",
				);
				PRODUCT_BUNDLE_IDENTIFIER = hoonv.TiconMoa;
				PRODUCT_NAME = "$(TARGET_NAME)";
				SWIFT_VERSION = 5.0;
				TARGETED_DEVICE_FAMILY = 1;
			};
			name = Debug;
		};
		E053B64B2604FC79005FAD51 /* Release */ = {
			isa = XCBuildConfiguration;
			buildSettings = {
				ASSETCATALOG_COMPILER_APPICON_NAME = AppIcon;
				ASSETCATALOG_COMPILER_GLOBAL_ACCENT_COLOR_NAME = AccentColor;
				CODE_SIGN_STYLE = Automatic;
				DEVELOPMENT_TEAM = 7BP3494UVW;
				INFOPLIST_FILE = ticonMoa/Info.plist;
				IPHONEOS_DEPLOYMENT_TARGET = 13.0;
				LD_RUNPATH_SEARCH_PATHS = (
					"$(inherited)",
					"@executable_path/Frameworks",
				);
				PRODUCT_BUNDLE_IDENTIFIER = hoonv.TiconMoa;
				PRODUCT_NAME = "$(TARGET_NAME)";
				SWIFT_VERSION = 5.0;
				TARGETED_DEVICE_FAMILY = 1;
			};
			name = Release;
		};
		E0BBB1C42637C55E00DC4553 /* Debug */ = {
			isa = XCBuildConfiguration;
			buildSettings = {
				BUNDLE_LOADER = "$(TEST_HOST)";
				CODE_SIGN_STYLE = Automatic;
				DEVELOPMENT_TEAM = 7BP3494UVW;
				INFOPLIST_FILE = ticonMoaTests/Info.plist;
				IPHONEOS_DEPLOYMENT_TARGET = 14.4;
				LD_RUNPATH_SEARCH_PATHS = (
					"$(inherited)",
					"@executable_path/Frameworks",
					"@loader_path/Frameworks",
				);
				PRODUCT_BUNDLE_IDENTIFIER = hoonv.ticonMoaTests;
				PRODUCT_NAME = "$(TARGET_NAME)";
				SWIFT_VERSION = 5.0;
				TARGETED_DEVICE_FAMILY = "1,2";
				TEST_HOST = "$(BUILT_PRODUCTS_DIR)/ticonMoa.app/ticonMoa";
			};
			name = Debug;
		};
		E0BBB1C52637C55E00DC4553 /* Release */ = {
			isa = XCBuildConfiguration;
			buildSettings = {
				BUNDLE_LOADER = "$(TEST_HOST)";
				CODE_SIGN_STYLE = Automatic;
				DEVELOPMENT_TEAM = 7BP3494UVW;
				INFOPLIST_FILE = ticonMoaTests/Info.plist;
				IPHONEOS_DEPLOYMENT_TARGET = 14.4;
				LD_RUNPATH_SEARCH_PATHS = (
					"$(inherited)",
					"@executable_path/Frameworks",
					"@loader_path/Frameworks",
				);
				PRODUCT_BUNDLE_IDENTIFIER = hoonv.ticonMoaTests;
				PRODUCT_NAME = "$(TARGET_NAME)";
				SWIFT_VERSION = 5.0;
				TARGETED_DEVICE_FAMILY = "1,2";
				TEST_HOST = "$(BUILT_PRODUCTS_DIR)/ticonMoa.app/ticonMoa";
			};
			name = Release;
		};
/* End XCBuildConfiguration section */

/* Begin XCConfigurationList section */
		E053B6302604FC77005FAD51 /* Build configuration list for PBXProject "ticonMoa" */ = {
			isa = XCConfigurationList;
			buildConfigurations = (
				E053B6472604FC79005FAD51 /* Debug */,
				E053B6482604FC79005FAD51 /* Release */,
			);
			defaultConfigurationIsVisible = 0;
			defaultConfigurationName = Release;
		};
		E053B6492604FC79005FAD51 /* Build configuration list for PBXNativeTarget "ticonMoa" */ = {
			isa = XCConfigurationList;
			buildConfigurations = (
				E053B64A2604FC79005FAD51 /* Debug */,
				E053B64B2604FC79005FAD51 /* Release */,
			);
			defaultConfigurationIsVisible = 0;
			defaultConfigurationName = Release;
		};
		E0BBB1C62637C55E00DC4553 /* Build configuration list for PBXNativeTarget "ticonMoaTests" */ = {
			isa = XCConfigurationList;
			buildConfigurations = (
				E0BBB1C42637C55E00DC4553 /* Debug */,
				E0BBB1C52637C55E00DC4553 /* Release */,
			);
			defaultConfigurationIsVisible = 0;
			defaultConfigurationName = Release;
		};
/* End XCConfigurationList section */

/* Begin XCRemoteSwiftPackageReference section */
		E026F1F52696D1E400EF300C /* XCRemoteSwiftPackageReference "RxSwift" */ = {
			isa = XCRemoteSwiftPackageReference;
			repositoryURL = "https://github.com/ReactiveX/RxSwift";
			requirement = {
				kind = upToNextMajorVersion;
				minimumVersion = 6.2.0;
			};
		};
		E02F086326967B1D0092B05A /* XCRemoteSwiftPackageReference "SnapKit" */ = {
			isa = XCRemoteSwiftPackageReference;
			repositoryURL = "https://github.com/SnapKit/SnapKit";
			requirement = {
				kind = upToNextMajorVersion;
				minimumVersion = 5.0.1;
			};
		};
		E0AB99E426421B9600F11602 /* XCRemoteSwiftPackageReference "SwiftyTesseract" */ = {
			isa = XCRemoteSwiftPackageReference;
			repositoryURL = "https://github.com/SwiftyTesseract/SwiftyTesseract";
			requirement = {
				kind = upToNextMajorVersion;
				minimumVersion = 4.0.1;
			};
		};
/* End XCRemoteSwiftPackageReference section */

/* Begin XCSwiftPackageProductDependency section */
		E026F1F62696D1E400EF300C /* RxSwift */ = {
			isa = XCSwiftPackageProductDependency;
			package = E026F1F52696D1E400EF300C /* XCRemoteSwiftPackageReference "RxSwift" */;
			productName = RxSwift;
		};
		E026F1F82696D1E400EF300C /* RxCocoa */ = {
			isa = XCSwiftPackageProductDependency;
			package = E026F1F52696D1E400EF300C /* XCRemoteSwiftPackageReference "RxSwift" */;
			productName = RxCocoa;
		};
		E02F086426967B1D0092B05A /* SnapKit */ = {
			isa = XCSwiftPackageProductDependency;
			package = E02F086326967B1D0092B05A /* XCRemoteSwiftPackageReference "SnapKit" */;
			productName = SnapKit;
		};
		E0AB99E526421B9600F11602 /* SwiftyTesseract */ = {
			isa = XCSwiftPackageProductDependency;
			package = E0AB99E426421B9600F11602 /* XCRemoteSwiftPackageReference "SwiftyTesseract" */;
			productName = SwiftyTesseract;
		};
/* End XCSwiftPackageProductDependency section */

/* Begin XCVersionGroup section */
		E0BDEB96264A837900228762 /* TiconMoaModel.xcdatamodeld */ = {
			isa = XCVersionGroup;
			children = (
				E0BDEB97264A837900228762 /* TiconMoaModel.xcdatamodel */,
			);
			currentVersion = E0BDEB97264A837900228762 /* TiconMoaModel.xcdatamodel */;
			path = TiconMoaModel.xcdatamodeld;
			sourceTree = "<group>";
			versionGroupType = wrapper.xcdatamodel;
		};
/* End XCVersionGroup section */
	};
	rootObject = E053B62D2604FC77005FAD51 /* Project object */;
}
