// !$*UTF8*$!
{
	archiveVersion = 1;
	classes = {
	};
	objectVersion = 50;
	objects = {

/* Begin PBXBuildFile section */
		E053B6392604FC77005FAD51 /* AppDelegate.swift in Sources */ = {isa = PBXBuildFile; fileRef = E053B6382604FC77005FAD51 /* AppDelegate.swift */; };
		E053B63B2604FC77005FAD51 /* SceneDelegate.swift in Sources */ = {isa = PBXBuildFile; fileRef = E053B63A2604FC77005FAD51 /* SceneDelegate.swift */; };
		E053B63D2604FC77005FAD51 /* HomeViewController.swift in Sources */ = {isa = PBXBuildFile; fileRef = E053B63C2604FC77005FAD51 /* HomeViewController.swift */; };
		E053B6402604FC77005FAD51 /* Main.storyboard in Resources */ = {isa = PBXBuildFile; fileRef = E053B63E2604FC77005FAD51 /* Main.storyboard */; };
		E053B6422604FC79005FAD51 /* Assets.xcassets in Resources */ = {isa = PBXBuildFile; fileRef = E053B6412604FC79005FAD51 /* Assets.xcassets */; };
		E053B6452604FC79005FAD51 /* LaunchScreen.storyboard in Resources */ = {isa = PBXBuildFile; fileRef = E053B6432604FC79005FAD51 /* LaunchScreen.storyboard */; };
		E0AE480526131D5C00BEC498 /* MainTabBarController.swift in Sources */ = {isa = PBXBuildFile; fileRef = E0AE480426131D5C00BEC498 /* MainTabBarController.swift */; };
		E0AE480826131DF600BEC498 /* RoundTabBarView.swift in Sources */ = {isa = PBXBuildFile; fileRef = E0AE480726131DF600BEC498 /* RoundTabBarView.swift */; };
		E0AE480C2613222D00BEC498 /* Autolayout.swift in Sources */ = {isa = PBXBuildFile; fileRef = E0AE480B2613222D00BEC498 /* Autolayout.swift */; };
		E0AE4817261438AE00BEC498 /* SearchViewController.swift in Sources */ = {isa = PBXBuildFile; fileRef = E0AE4816261438AE00BEC498 /* SearchViewController.swift */; };
		E0AE481B261438BA00BEC498 /* ProfileViewController.swift in Sources */ = {isa = PBXBuildFile; fileRef = E0AE481A261438BA00BEC498 /* ProfileViewController.swift */; };
		E0AE481F26143C9000BEC498 /* UIStoryboard.swift in Sources */ = {isa = PBXBuildFile; fileRef = E0AE481E26143C9000BEC498 /* UIStoryboard.swift */; };
		E0AE4826261442D400BEC498 /* HorizontalScrollView.swift in Sources */ = {isa = PBXBuildFile; fileRef = E0AE4825261442D400BEC498 /* HorizontalScrollView.swift */; };
		E0AE482A261442FC00BEC498 /* HorizontalScrollView.xib in Resources */ = {isa = PBXBuildFile; fileRef = E0AE4829261442FC00BEC498 /* HorizontalScrollView.xib */; };
		E0AE482E2614526600BEC498 /* CategoryCell.swift in Sources */ = {isa = PBXBuildFile; fileRef = E0AE482C2614526600BEC498 /* CategoryCell.swift */; };
		E0AE482F2614526600BEC498 /* CategoryCell.xib in Resources */ = {isa = PBXBuildFile; fileRef = E0AE482D2614526600BEC498 /* CategoryCell.xib */; };
		E0AE483326145A8200BEC498 /* String+widthHeight.swift in Sources */ = {isa = PBXBuildFile; fileRef = E0AE483226145A8200BEC498 /* String+widthHeight.swift */; };
		E0AE48372614659500BEC498 /* IconStackView.swift in Sources */ = {isa = PBXBuildFile; fileRef = E0AE48362614659500BEC498 /* IconStackView.swift */; };
		E0AE483A261465CA00BEC498 /* IconStackView.xib in Resources */ = {isa = PBXBuildFile; fileRef = E0AE4839261465CA00BEC498 /* IconStackView.xib */; };
		E0AE483D2615AFEA00BEC498 /* IconButton.swift in Sources */ = {isa = PBXBuildFile; fileRef = E0AE483C2615AFEA00BEC498 /* IconButton.swift */; };
		E0AE48412616875F00BEC498 /* PhotoAddViewController.swift in Sources */ = {isa = PBXBuildFile; fileRef = E0AE48402616875F00BEC498 /* PhotoAddViewController.swift */; };
		E0AE484726171CE100BEC498 /* SlideAnimator.swift in Sources */ = {isa = PBXBuildFile; fileRef = E0AE484626171CE100BEC498 /* SlideAnimator.swift */; };
		E0AE4854261BE6EB00BEC498 /* TransitioningDelegate.swift in Sources */ = {isa = PBXBuildFile; fileRef = E0AE4853261BE6EB00BEC498 /* TransitioningDelegate.swift */; };
		E0B653B4260C40DD007C402F /* HomeCollectionViewCell.swift in Sources */ = {isa = PBXBuildFile; fileRef = E0B653B2260C40DD007C402F /* HomeCollectionViewCell.swift */; };
		E0B653B5260C40DD007C402F /* HomeCollectionViewCell.xib in Resources */ = {isa = PBXBuildFile; fileRef = E0B653B3260C40DD007C402F /* HomeCollectionViewCell.xib */; };
		E0B653B8260C497B007C402F /* PhotoManager.swift in Sources */ = {isa = PBXBuildFile; fileRef = E0B653B7260C497B007C402F /* PhotoManager.swift */; };
		E0B653BB260C5833007C402F /* BarcodeRequestWrapper.swift in Sources */ = {isa = PBXBuildFile; fileRef = E0B653BA260C5833007C402F /* BarcodeRequestWrapper.swift */; };
/* End PBXBuildFile section */

/* Begin PBXFileReference section */
		E053B6352604FC77005FAD51 /* ticonMoa.app */ = {isa = PBXFileReference; explicitFileType = wrapper.application; includeInIndex = 0; path = ticonMoa.app; sourceTree = BUILT_PRODUCTS_DIR; };
		E053B6382604FC77005FAD51 /* AppDelegate.swift */ = {isa = PBXFileReference; lastKnownFileType = sourcecode.swift; path = AppDelegate.swift; sourceTree = "<group>"; };
		E053B63A2604FC77005FAD51 /* SceneDelegate.swift */ = {isa = PBXFileReference; lastKnownFileType = sourcecode.swift; path = SceneDelegate.swift; sourceTree = "<group>"; };
		E053B63C2604FC77005FAD51 /* HomeViewController.swift */ = {isa = PBXFileReference; lastKnownFileType = sourcecode.swift; path = HomeViewController.swift; sourceTree = "<group>"; };
		E053B63F2604FC77005FAD51 /* Base */ = {isa = PBXFileReference; lastKnownFileType = file.storyboard; name = Base; path = Base.lproj/Main.storyboard; sourceTree = "<group>"; };
		E053B6412604FC79005FAD51 /* Assets.xcassets */ = {isa = PBXFileReference; lastKnownFileType = folder.assetcatalog; path = Assets.xcassets; sourceTree = "<group>"; };
		E053B6442604FC79005FAD51 /* Base */ = {isa = PBXFileReference; lastKnownFileType = file.storyboard; name = Base; path = Base.lproj/LaunchScreen.storyboard; sourceTree = "<group>"; };
		E053B6462604FC79005FAD51 /* Info.plist */ = {isa = PBXFileReference; lastKnownFileType = text.plist.xml; path = Info.plist; sourceTree = "<group>"; };
		E0AE480426131D5C00BEC498 /* MainTabBarController.swift */ = {isa = PBXFileReference; lastKnownFileType = sourcecode.swift; path = MainTabBarController.swift; sourceTree = "<group>"; };
		E0AE480726131DF600BEC498 /* RoundTabBarView.swift */ = {isa = PBXFileReference; lastKnownFileType = sourcecode.swift; path = RoundTabBarView.swift; sourceTree = "<group>"; };
		E0AE480B2613222D00BEC498 /* Autolayout.swift */ = {isa = PBXFileReference; lastKnownFileType = sourcecode.swift; path = Autolayout.swift; sourceTree = "<group>"; };
		E0AE4816261438AE00BEC498 /* SearchViewController.swift */ = {isa = PBXFileReference; lastKnownFileType = sourcecode.swift; path = SearchViewController.swift; sourceTree = "<group>"; };
		E0AE481A261438BA00BEC498 /* ProfileViewController.swift */ = {isa = PBXFileReference; lastKnownFileType = sourcecode.swift; path = ProfileViewController.swift; sourceTree = "<group>"; };
		E0AE481E26143C9000BEC498 /* UIStoryboard.swift */ = {isa = PBXFileReference; lastKnownFileType = sourcecode.swift; path = UIStoryboard.swift; sourceTree = "<group>"; };
		E0AE4825261442D400BEC498 /* HorizontalScrollView.swift */ = {isa = PBXFileReference; lastKnownFileType = sourcecode.swift; path = HorizontalScrollView.swift; sourceTree = "<group>"; };
		E0AE4829261442FC00BEC498 /* HorizontalScrollView.xib */ = {isa = PBXFileReference; lastKnownFileType = file.xib; path = HorizontalScrollView.xib; sourceTree = "<group>"; };
		E0AE482C2614526600BEC498 /* CategoryCell.swift */ = {isa = PBXFileReference; lastKnownFileType = sourcecode.swift; path = CategoryCell.swift; sourceTree = "<group>"; };
		E0AE482D2614526600BEC498 /* CategoryCell.xib */ = {isa = PBXFileReference; lastKnownFileType = file.xib; path = CategoryCell.xib; sourceTree = "<group>"; };
		E0AE483226145A8200BEC498 /* String+widthHeight.swift */ = {isa = PBXFileReference; lastKnownFileType = sourcecode.swift; path = "String+widthHeight.swift"; sourceTree = "<group>"; };
		E0AE48362614659500BEC498 /* IconStackView.swift */ = {isa = PBXFileReference; lastKnownFileType = sourcecode.swift; path = IconStackView.swift; sourceTree = "<group>"; };
		E0AE4839261465CA00BEC498 /* IconStackView.xib */ = {isa = PBXFileReference; lastKnownFileType = file.xib; path = IconStackView.xib; sourceTree = "<group>"; };
		E0AE483C2615AFEA00BEC498 /* IconButton.swift */ = {isa = PBXFileReference; lastKnownFileType = sourcecode.swift; path = IconButton.swift; sourceTree = "<group>"; };
		E0AE48402616875F00BEC498 /* PhotoAddViewController.swift */ = {isa = PBXFileReference; lastKnownFileType = sourcecode.swift; path = PhotoAddViewController.swift; sourceTree = "<group>"; };
		E0AE484626171CE100BEC498 /* SlideAnimator.swift */ = {isa = PBXFileReference; lastKnownFileType = sourcecode.swift; path = SlideAnimator.swift; sourceTree = "<group>"; };
		E0AE4853261BE6EB00BEC498 /* TransitioningDelegate.swift */ = {isa = PBXFileReference; lastKnownFileType = sourcecode.swift; path = TransitioningDelegate.swift; sourceTree = "<group>"; };
		E0B653B2260C40DD007C402F /* HomeCollectionViewCell.swift */ = {isa = PBXFileReference; lastKnownFileType = sourcecode.swift; path = HomeCollectionViewCell.swift; sourceTree = "<group>"; };
		E0B653B3260C40DD007C402F /* HomeCollectionViewCell.xib */ = {isa = PBXFileReference; lastKnownFileType = file.xib; path = HomeCollectionViewCell.xib; sourceTree = "<group>"; };
		E0B653B7260C497B007C402F /* PhotoManager.swift */ = {isa = PBXFileReference; lastKnownFileType = sourcecode.swift; path = PhotoManager.swift; sourceTree = "<group>"; };
		E0B653BA260C5833007C402F /* BarcodeRequestWrapper.swift */ = {isa = PBXFileReference; lastKnownFileType = sourcecode.swift; path = BarcodeRequestWrapper.swift; sourceTree = "<group>"; };
/* End PBXFileReference section */

/* Begin PBXFrameworksBuildPhase section */
		E053B6322604FC77005FAD51 /* Frameworks */ = {
			isa = PBXFrameworksBuildPhase;
			buildActionMask = 2147483647;
			files = (
			);
			runOnlyForDeploymentPostprocessing = 0;
		};
/* End PBXFrameworksBuildPhase section */

/* Begin PBXGroup section */
		E053B62C2604FC77005FAD51 = {
			isa = PBXGroup;
			children = (
				E053B6372604FC77005FAD51 /* ticonMoa */,
				E053B6362604FC77005FAD51 /* Products */,
			);
			sourceTree = "<group>";
		};
		E053B6362604FC77005FAD51 /* Products */ = {
			isa = PBXGroup;
			children = (
				E053B6352604FC77005FAD51 /* ticonMoa.app */,
			);
			name = Products;
			sourceTree = "<group>";
		};
		E053B6372604FC77005FAD51 /* ticonMoa */ = {
			isa = PBXGroup;
			children = (
				E0AE484526171CD600BEC498 /* Animator */,
				E0AE4815261437C100BEC498 /* View */,
				E0AE4814261437AD00BEC498 /* Controller */,
				E0AE480A2613222600BEC498 /* Extensions */,
				E0AE47FB2613078100BEC498 /* Cell */,
				E0AE47F926104F6D00BEC498 /* Model */,
				E053B6382604FC77005FAD51 /* AppDelegate.swift */,
				E053B63A2604FC77005FAD51 /* SceneDelegate.swift */,
				E053B63E2604FC77005FAD51 /* Main.storyboard */,
				E053B6412604FC79005FAD51 /* Assets.xcassets */,
				E053B6432604FC79005FAD51 /* LaunchScreen.storyboard */,
				E053B6462604FC79005FAD51 /* Info.plist */,
			);
			path = ticonMoa;
			sourceTree = "<group>";
		};
		E0AE47F926104F6D00BEC498 /* Model */ = {
			isa = PBXGroup;
			children = (
				E0B653BA260C5833007C402F /* BarcodeRequestWrapper.swift */,
				E0B653B7260C497B007C402F /* PhotoManager.swift */,
			);
			path = Model;
			sourceTree = "<group>";
		};
		E0AE47FB2613078100BEC498 /* Cell */ = {
			isa = PBXGroup;
			children = (
				E0B653B2260C40DD007C402F /* HomeCollectionViewCell.swift */,
				E0B653B3260C40DD007C402F /* HomeCollectionViewCell.xib */,
				E0AE482C2614526600BEC498 /* CategoryCell.swift */,
				E0AE482D2614526600BEC498 /* CategoryCell.xib */,
			);
			path = Cell;
			sourceTree = "<group>";
		};
		E0AE480A2613222600BEC498 /* Extensions */ = {
			isa = PBXGroup;
			children = (
				E0AE480B2613222D00BEC498 /* Autolayout.swift */,
				E0AE481E26143C9000BEC498 /* UIStoryboard.swift */,
				E0AE483226145A8200BEC498 /* String+widthHeight.swift */,
			);
			path = Extensions;
			sourceTree = "<group>";
		};
		E0AE4814261437AD00BEC498 /* Controller */ = {
			isa = PBXGroup;
			children = (
				E053B63C2604FC77005FAD51 /* HomeViewController.swift */,
				E0AE4816261438AE00BEC498 /* SearchViewController.swift */,
				E0AE481A261438BA00BEC498 /* ProfileViewController.swift */,
				E0AE480426131D5C00BEC498 /* MainTabBarController.swift */,
				E0AE48402616875F00BEC498 /* PhotoAddViewController.swift */,
			);
			path = Controller;
			sourceTree = "<group>";
		};
		E0AE4815261437C100BEC498 /* View */ = {
			isa = PBXGroup;
			children = (
				E0AE480726131DF600BEC498 /* RoundTabBarView.swift */,
				E0AE48362614659500BEC498 /* IconStackView.swift */,
				E0AE4839261465CA00BEC498 /* IconStackView.xib */,
				E0AE4825261442D400BEC498 /* HorizontalScrollView.swift */,
				E0AE4829261442FC00BEC498 /* HorizontalScrollView.xib */,
				E0AE483C2615AFEA00BEC498 /* IconButton.swift */,
			);
			path = View;
			sourceTree = "<group>";
		};
		E0AE484526171CD600BEC498 /* Animator */ = {
			isa = PBXGroup;
			children = (
				E0AE484626171CE100BEC498 /* SlideAnimator.swift */,
				E0AE4853261BE6EB00BEC498 /* TransitioningDelegate.swift */,
			);
			path = Animator;
			sourceTree = "<group>";
		};
/* End PBXGroup section */

/* Begin PBXNativeTarget section */
		E053B6342604FC77005FAD51 /* ticonMoa */ = {
			isa = PBXNativeTarget;
			buildConfigurationList = E053B6492604FC79005FAD51 /* Build configuration list for PBXNativeTarget "ticonMoa" */;
			buildPhases = (
				E053B6312604FC77005FAD51 /* Sources */,
				E053B6322604FC77005FAD51 /* Frameworks */,
				E053B6332604FC77005FAD51 /* Resources */,
			);
			buildRules = (
			);
			dependencies = (
			);
			name = ticonMoa;
			productName = ticonMoa;
			productReference = E053B6352604FC77005FAD51 /* ticonMoa.app */;
			productType = "com.apple.product-type.application";
		};
/* End PBXNativeTarget section */

/* Begin PBXProject section */
		E053B62D2604FC77005FAD51 /* Project object */ = {
			isa = PBXProject;
			attributes = {
				LastSwiftUpdateCheck = 1240;
				LastUpgradeCheck = 1240;
				TargetAttributes = {
					E053B6342604FC77005FAD51 = {
						CreatedOnToolsVersion = 12.4;
					};
				};
			};
			buildConfigurationList = E053B6302604FC77005FAD51 /* Build configuration list for PBXProject "ticonMoa" */;
			compatibilityVersion = "Xcode 9.3";
			developmentRegion = en;
			hasScannedForEncodings = 0;
			knownRegions = (
				en,
				Base,
			);
			mainGroup = E053B62C2604FC77005FAD51;
			productRefGroup = E053B6362604FC77005FAD51 /* Products */;
			projectDirPath = "";
			projectRoot = "";
			targets = (
				E053B6342604FC77005FAD51 /* ticonMoa */,
			);
		};
/* End PBXProject section */

/* Begin PBXResourcesBuildPhase section */
		E053B6332604FC77005FAD51 /* Resources */ = {
			isa = PBXResourcesBuildPhase;
			buildActionMask = 2147483647;
			files = (
				E0AE482A261442FC00BEC498 /* HorizontalScrollView.xib in Resources */,
				E0AE482F2614526600BEC498 /* CategoryCell.xib in Resources */,
				E0AE483A261465CA00BEC498 /* IconStackView.xib in Resources */,
				E053B6452604FC79005FAD51 /* LaunchScreen.storyboard in Resources */,
				E053B6422604FC79005FAD51 /* Assets.xcassets in Resources */,
				E053B6402604FC77005FAD51 /* Main.storyboard in Resources */,
				E0B653B5260C40DD007C402F /* HomeCollectionViewCell.xib in Resources */,
			);
			runOnlyForDeploymentPostprocessing = 0;
		};
/* End PBXResourcesBuildPhase section */

/* Begin PBXSourcesBuildPhase section */
		E053B6312604FC77005FAD51 /* Sources */ = {
			isa = PBXSourcesBuildPhase;
			buildActionMask = 2147483647;
			files = (
				E0AE481F26143C9000BEC498 /* UIStoryboard.swift in Sources */,
				E0AE4854261BE6EB00BEC498 /* TransitioningDelegate.swift in Sources */,
				E0AE4817261438AE00BEC498 /* SearchViewController.swift in Sources */,
				E053B63D2604FC77005FAD51 /* HomeViewController.swift in Sources */,
				E0AE482E2614526600BEC498 /* CategoryCell.swift in Sources */,
				E0AE480526131D5C00BEC498 /* MainTabBarController.swift in Sources */,
				E053B6392604FC77005FAD51 /* AppDelegate.swift in Sources */,
				E0AE4826261442D400BEC498 /* HorizontalScrollView.swift in Sources */,
				E053B63B2604FC77005FAD51 /* SceneDelegate.swift in Sources */,
				E0AE48372614659500BEC498 /* IconStackView.swift in Sources */,
				E0AE480C2613222D00BEC498 /* Autolayout.swift in Sources */,
				E0AE484726171CE100BEC498 /* SlideAnimator.swift in Sources */,
				E0AE481B261438BA00BEC498 /* ProfileViewController.swift in Sources */,
				E0AE48412616875F00BEC498 /* PhotoAddViewController.swift in Sources */,
				E0AE483326145A8200BEC498 /* String+widthHeight.swift in Sources */,
				E0B653B8260C497B007C402F /* PhotoManager.swift in Sources */,
				E0B653BB260C5833007C402F /* BarcodeRequestWrapper.swift in Sources */,
				E0AE483D2615AFEA00BEC498 /* IconButton.swift in Sources */,
				E0AE480826131DF600BEC498 /* RoundTabBarView.swift in Sources */,
				E0B653B4260C40DD007C402F /* HomeCollectionViewCell.swift in Sources */,
			);
			runOnlyForDeploymentPostprocessing = 0;
		};
/* End PBXSourcesBuildPhase section */

/* Begin PBXVariantGroup section */
		E053B63E2604FC77005FAD51 /* Main.storyboard */ = {
			isa = PBXVariantGroup;
			children = (
				E053B63F2604FC77005FAD51 /* Base */,
			);
			name = Main.storyboard;
			sourceTree = "<group>";
		};
		E053B6432604FC79005FAD51 /* LaunchScreen.storyboard */ = {
			isa = PBXVariantGroup;
			children = (
				E053B6442604FC79005FAD51 /* Base */,
			);
			name = LaunchScreen.storyboard;
			sourceTree = "<group>";
		};
/* End PBXVariantGroup section */

/* Begin XCBuildConfiguration section */
		E053B6472604FC79005FAD51 /* Debug */ = {
			isa = XCBuildConfiguration;
			buildSettings = {
				ALWAYS_SEARCH_USER_PATHS = NO;
				CLANG_ANALYZER_NONNULL = YES;
				CLANG_ANALYZER_NUMBER_OBJECT_CONVERSION = YES_AGGRESSIVE;
				CLANG_CXX_LANGUAGE_STANDARD = "gnu++14";
				CLANG_CXX_LIBRARY = "libc++";
				CLANG_ENABLE_MODULES = YES;
				CLANG_ENABLE_OBJC_ARC = YES;
				CLANG_ENABLE_OBJC_WEAK = YES;
				CLANG_WARN_BLOCK_CAPTURE_AUTORELEASING = YES;
				CLANG_WARN_BOOL_CONVERSION = YES;
				CLANG_WARN_COMMA = YES;
				CLANG_WARN_CONSTANT_CONVERSION = YES;
				CLANG_WARN_DEPRECATED_OBJC_IMPLEMENTATIONS = YES;
				CLANG_WARN_DIRECT_OBJC_ISA_USAGE = YES_ERROR;
				CLANG_WARN_DOCUMENTATION_COMMENTS = YES;
				CLANG_WARN_EMPTY_BODY = YES;
				CLANG_WARN_ENUM_CONVERSION = YES;
				CLANG_WARN_INFINITE_RECURSION = YES;
				CLANG_WARN_INT_CONVERSION = YES;
				CLANG_WARN_NON_LITERAL_NULL_CONVERSION = YES;
				CLANG_WARN_OBJC_IMPLICIT_RETAIN_SELF = YES;
				CLANG_WARN_OBJC_LITERAL_CONVERSION = YES;
				CLANG_WARN_OBJC_ROOT_CLASS = YES_ERROR;
				CLANG_WARN_QUOTED_INCLUDE_IN_FRAMEWORK_HEADER = YES;
				CLANG_WARN_RANGE_LOOP_ANALYSIS = YES;
				CLANG_WARN_STRICT_PROTOTYPES = YES;
				CLANG_WARN_SUSPICIOUS_MOVE = YES;
				CLANG_WARN_UNGUARDED_AVAILABILITY = YES_AGGRESSIVE;
				CLANG_WARN_UNREACHABLE_CODE = YES;
				CLANG_WARN__DUPLICATE_METHOD_MATCH = YES;
				COPY_PHASE_STRIP = NO;
				DEBUG_INFORMATION_FORMAT = dwarf;
				ENABLE_STRICT_OBJC_MSGSEND = YES;
				ENABLE_TESTABILITY = YES;
				GCC_C_LANGUAGE_STANDARD = gnu11;
				GCC_DYNAMIC_NO_PIC = NO;
				GCC_NO_COMMON_BLOCKS = YES;
				GCC_OPTIMIZATION_LEVEL = 0;
				GCC_PREPROCESSOR_DEFINITIONS = (
					"DEBUG=1",
					"$(inherited)",
				);
				GCC_WARN_64_TO_32_BIT_CONVERSION = YES;
				GCC_WARN_ABOUT_RETURN_TYPE = YES_ERROR;
				GCC_WARN_UNDECLARED_SELECTOR = YES;
				GCC_WARN_UNINITIALIZED_AUTOS = YES_AGGRESSIVE;
				GCC_WARN_UNUSED_FUNCTION = YES;
				GCC_WARN_UNUSED_VARIABLE = YES;
				IPHONEOS_DEPLOYMENT_TARGET = 14.4;
				MTL_ENABLE_DEBUG_INFO = INCLUDE_SOURCE;
				MTL_FAST_MATH = YES;
				ONLY_ACTIVE_ARCH = YES;
				SDKROOT = iphoneos;
				SWIFT_ACTIVE_COMPILATION_CONDITIONS = DEBUG;
				SWIFT_OPTIMIZATION_LEVEL = "-Onone";
			};
			name = Debug;
		};
		E053B6482604FC79005FAD51 /* Release */ = {
			isa = XCBuildConfiguration;
			buildSettings = {
				ALWAYS_SEARCH_USER_PATHS = NO;
				CLANG_ANALYZER_NONNULL = YES;
				CLANG_ANALYZER_NUMBER_OBJECT_CONVERSION = YES_AGGRESSIVE;
				CLANG_CXX_LANGUAGE_STANDARD = "gnu++14";
				CLANG_CXX_LIBRARY = "libc++";
				CLANG_ENABLE_MODULES = YES;
				CLANG_ENABLE_OBJC_ARC = YES;
				CLANG_ENABLE_OBJC_WEAK = YES;
				CLANG_WARN_BLOCK_CAPTURE_AUTORELEASING = YES;
				CLANG_WARN_BOOL_CONVERSION = YES;
				CLANG_WARN_COMMA = YES;
				CLANG_WARN_CONSTANT_CONVERSION = YES;
				CLANG_WARN_DEPRECATED_OBJC_IMPLEMENTATIONS = YES;
				CLANG_WARN_DIRECT_OBJC_ISA_USAGE = YES_ERROR;
				CLANG_WARN_DOCUMENTATION_COMMENTS = YES;
				CLANG_WARN_EMPTY_BODY = YES;
				CLANG_WARN_ENUM_CONVERSION = YES;
				CLANG_WARN_INFINITE_RECURSION = YES;
				CLANG_WARN_INT_CONVERSION = YES;
				CLANG_WARN_NON_LITERAL_NULL_CONVERSION = YES;
				CLANG_WARN_OBJC_IMPLICIT_RETAIN_SELF = YES;
				CLANG_WARN_OBJC_LITERAL_CONVERSION = YES;
				CLANG_WARN_OBJC_ROOT_CLASS = YES_ERROR;
				CLANG_WARN_QUOTED_INCLUDE_IN_FRAMEWORK_HEADER = YES;
				CLANG_WARN_RANGE_LOOP_ANALYSIS = YES;
				CLANG_WARN_STRICT_PROTOTYPES = YES;
				CLANG_WARN_SUSPICIOUS_MOVE = YES;
				CLANG_WARN_UNGUARDED_AVAILABILITY = YES_AGGRESSIVE;
				CLANG_WARN_UNREACHABLE_CODE = YES;
				CLANG_WARN__DUPLICATE_METHOD_MATCH = YES;
				COPY_PHASE_STRIP = NO;
				DEBUG_INFORMATION_FORMAT = "dwarf-with-dsym";
				ENABLE_NS_ASSERTIONS = NO;
				ENABLE_STRICT_OBJC_MSGSEND = YES;
				GCC_C_LANGUAGE_STANDARD = gnu11;
				GCC_NO_COMMON_BLOCKS = YES;
				GCC_WARN_64_TO_32_BIT_CONVERSION = YES;
				GCC_WARN_ABOUT_RETURN_TYPE = YES_ERROR;
				GCC_WARN_UNDECLARED_SELECTOR = YES;
				GCC_WARN_UNINITIALIZED_AUTOS = YES_AGGRESSIVE;
				GCC_WARN_UNUSED_FUNCTION = YES;
				GCC_WARN_UNUSED_VARIABLE = YES;
				IPHONEOS_DEPLOYMENT_TARGET = 14.4;
				MTL_ENABLE_DEBUG_INFO = NO;
				MTL_FAST_MATH = YES;
				SDKROOT = iphoneos;
				SWIFT_COMPILATION_MODE = wholemodule;
				SWIFT_OPTIMIZATION_LEVEL = "-O";
				VALIDATE_PRODUCT = YES;
			};
			name = Release;
		};
		E053B64A2604FC79005FAD51 /* Debug */ = {
			isa = XCBuildConfiguration;
			buildSettings = {
				ASSETCATALOG_COMPILER_APPICON_NAME = AppIcon;
				ASSETCATALOG_COMPILER_GLOBAL_ACCENT_COLOR_NAME = AccentColor;
				CODE_SIGN_STYLE = Automatic;
				DEVELOPMENT_TEAM = 7BP3494UVW;
				INFOPLIST_FILE = ticonMoa/Info.plist;
				LD_RUNPATH_SEARCH_PATHS = (
					"$(inherited)",
					"@executable_path/Frameworks",
				);
				PRODUCT_BUNDLE_IDENTIFIER = hoonv.ticonMoa;
				PRODUCT_NAME = "$(TARGET_NAME)";
				SWIFT_VERSION = 5.0;
				TARGETED_DEVICE_FAMILY = "1,2";
			};
			name = Debug;
		};
		E053B64B2604FC79005FAD51 /* Release */ = {
			isa = XCBuildConfiguration;
			buildSettings = {
				ASSETCATALOG_COMPILER_APPICON_NAME = AppIcon;
				ASSETCATALOG_COMPILER_GLOBAL_ACCENT_COLOR_NAME = AccentColor;
				CODE_SIGN_STYLE = Automatic;
				DEVELOPMENT_TEAM = 7BP3494UVW;
				INFOPLIST_FILE = ticonMoa/Info.plist;
				LD_RUNPATH_SEARCH_PATHS = (
					"$(inherited)",
					"@executable_path/Frameworks",
				);
				PRODUCT_BUNDLE_IDENTIFIER = hoonv.ticonMoa;
				PRODUCT_NAME = "$(TARGET_NAME)";
				SWIFT_VERSION = 5.0;
				TARGETED_DEVICE_FAMILY = "1,2";
			};
			name = Release;
		};
/* End XCBuildConfiguration section */

/* Begin XCConfigurationList section */
		E053B6302604FC77005FAD51 /* Build configuration list for PBXProject "ticonMoa" */ = {
			isa = XCConfigurationList;
			buildConfigurations = (
				E053B6472604FC79005FAD51 /* Debug */,
				E053B6482604FC79005FAD51 /* Release */,
			);
			defaultConfigurationIsVisible = 0;
			defaultConfigurationName = Release;
		};
		E053B6492604FC79005FAD51 /* Build configuration list for PBXNativeTarget "ticonMoa" */ = {
			isa = XCConfigurationList;
			buildConfigurations = (
				E053B64A2604FC79005FAD51 /* Debug */,
				E053B64B2604FC79005FAD51 /* Release */,
			);
			defaultConfigurationIsVisible = 0;
			defaultConfigurationName = Release;
		};
/* End XCConfigurationList section */
	};
	rootObject = E053B62D2604FC77005FAD51 /* Project object */;
}
