{
  "object": {
    "pins": [
      {
        "package": "libtesseract",
        "repositoryURL": "https://github.com/SwiftyTesseract/libtesseract.git",
        "state": {
          "branch": null,
          "revision": "214a36e04d740795d7ba2f07c6108944d0136f8a",
          "version": "0.2.0"
        }
      },
      {
        "package": "SnapKit",
        "repositoryURL": "https://github.com/SnapKit/SnapKit",
        "state": {
          "branch": null,
          "revision": "d458564516e5676af9c70b4f4b2a9178294f1bc6",
          "version": "5.0.1"
        }
      },
      {
        "package": "SwiftyTesseract",
        "repositoryURL": "https://github.com/SwiftyTesseract/SwiftyTesseract",
        "state": {
          "branch": null,
          "revision": "1393d15d0278673dd89f2ba21d3fb748f99e02ce",
          "version": "4.0.1"
        }
      }
    ]
  },
  "version": 1
}
